// !$*UTF8*$!
{
	archiveVersion = 1;
	classes = {
	};
	objectVersion = 51;
	objects = {

/* Begin PBXBuildFile section */
		B7704E455240402064E3B7FE /* Pods_Auto_Direct.framework in Frameworks */ = {isa = PBXBuildFile; fileRef = 9BF8D735D69849A7F025F1F9 /* Pods_Auto_Direct.framework */; };
		CE645B4E2469281000728066 /* UIImage.swift in Sources */ = {isa = PBXBuildFile; fileRef = CE645B492469280F00728066 /* UIImage.swift */; };
		CE645B4F2469281000728066 /* UIView.swift in Sources */ = {isa = PBXBuildFile; fileRef = CE645B4A2469280F00728066 /* UIView.swift */; };
		CE645B502469281000728066 /* UINavigationBar.swift in Sources */ = {isa = PBXBuildFile; fileRef = CE645B4B2469280F00728066 /* UINavigationBar.swift */; };
		CE645B512469281000728066 /* UIViewController.swift in Sources */ = {isa = PBXBuildFile; fileRef = CE645B4C2469281000728066 /* UIViewController.swift */; };
		CE645B522469281000728066 /* UIColor.swift in Sources */ = {isa = PBXBuildFile; fileRef = CE645B4D2469281000728066 /* UIColor.swift */; };
		CE645B542469282D00728066 /* Assets.xcassets in Resources */ = {isa = PBXBuildFile; fileRef = CE645B532469282D00728066 /* Assets.xcassets */; };
		CE645B5C2469284900728066 /* VehicleCategoryTableViewCell.swift in Sources */ = {isa = PBXBuildFile; fileRef = CE645B552469284800728066 /* VehicleCategoryTableViewCell.swift */; };
		CE645B5D2469284900728066 /* TrendingCollectionViewCell.swift in Sources */ = {isa = PBXBuildFile; fileRef = CE645B562469284800728066 /* TrendingCollectionViewCell.swift */; };
		CE645B5E2469284900728066 /* VehicleCategoryCollectionViewCell.swift in Sources */ = {isa = PBXBuildFile; fileRef = CE645B572469284800728066 /* VehicleCategoryCollectionViewCell.swift */; };
		CE645B5F2469284900728066 /* HomeCategoryItemView.swift in Sources */ = {isa = PBXBuildFile; fileRef = CE645B582469284800728066 /* HomeCategoryItemView.swift */; };
		CE645B602469284900728066 /* CarItemFeature.swift in Sources */ = {isa = PBXBuildFile; fileRef = CE645B592469284800728066 /* CarItemFeature.swift */; };
		CE645B612469284900728066 /* SidebarItemTableViewCell.swift in Sources */ = {isa = PBXBuildFile; fileRef = CE645B5A2469284900728066 /* SidebarItemTableViewCell.swift */; };
		CE645B622469284900728066 /* SidebarItemTableViewHeaderCell.swift in Sources */ = {isa = PBXBuildFile; fileRef = CE645B5B2469284900728066 /* SidebarItemTableViewHeaderCell.swift */; };
		CE645B6A2469286500728066 /* ExampleBackgroundContentView.swift in Sources */ = {isa = PBXBuildFile; fileRef = CE645B642469286400728066 /* ExampleBackgroundContentView.swift */; };
		CE645B6B2469286500728066 /* ExampleIrregularityBasicContentView.swift in Sources */ = {isa = PBXBuildFile; fileRef = CE645B652469286400728066 /* ExampleIrregularityBasicContentView.swift */; };
		CE645B6C2469286500728066 /* ExampleIrregularityContentView.swift in Sources */ = {isa = PBXBuildFile; fileRef = CE645B662469286400728066 /* ExampleIrregularityContentView.swift */; };
		CE645B6D2469286500728066 /* ExampleBouncesContentView.swift in Sources */ = {isa = PBXBuildFile; fileRef = CE645B672469286500728066 /* ExampleBouncesContentView.swift */; };
		CE645B6E2469286500728066 /* ExampleBasicContentView.swift in Sources */ = {isa = PBXBuildFile; fileRef = CE645B682469286500728066 /* ExampleBasicContentView.swift */; };
		CE645B6F2469286500728066 /* ExampleProvider.swift in Sources */ = {isa = PBXBuildFile; fileRef = CE645B692469286500728066 /* ExampleProvider.swift */; };
		CE645B782469288000728066 /* FifthModelDetailsTableViewCell.swift in Sources */ = {isa = PBXBuildFile; fileRef = CE645B702469287E00728066 /* FifthModelDetailsTableViewCell.swift */; };
		CE645B792469288000728066 /* ForthModelDetailsTableViewCell.swift in Sources */ = {isa = PBXBuildFile; fileRef = CE645B712469287E00728066 /* ForthModelDetailsTableViewCell.swift */; };
		CE645B7A2469288000728066 /* SixthModelDetailsTableViewCell.swift in Sources */ = {isa = PBXBuildFile; fileRef = CE645B722469287F00728066 /* SixthModelDetailsTableViewCell.swift */; };
		CE645B7B2469288000728066 /* ThirdModelDetailsTableViewCell.swift in Sources */ = {isa = PBXBuildFile; fileRef = CE645B732469287F00728066 /* ThirdModelDetailsTableViewCell.swift */; };
		CE645B7C2469288000728066 /* FirstModelDetailsTableViewCell.swift in Sources */ = {isa = PBXBuildFile; fileRef = CE645B742469287F00728066 /* FirstModelDetailsTableViewCell.swift */; };
		CE645B7D2469288000728066 /* ModelFeatureItem.swift in Sources */ = {isa = PBXBuildFile; fileRef = CE645B752469287F00728066 /* ModelFeatureItem.swift */; };
		CE645B7E2469288000728066 /* SecondModelDetailsTableViewCell.swift in Sources */ = {isa = PBXBuildFile; fileRef = CE645B762469287F00728066 /* SecondModelDetailsTableViewCell.swift */; };
		CE645B7F2469288000728066 /* ModelDetailsCollectionViewCell.swift in Sources */ = {isa = PBXBuildFile; fileRef = CE645B772469287F00728066 /* ModelDetailsCollectionViewCell.swift */; };
		CE645B89246928A300728066 /* PaymentDetailsTableViewCell.swift in Sources */ = {isa = PBXBuildFile; fileRef = CE645B80246928A200728066 /* PaymentDetailsTableViewCell.swift */; };
		CE645B8A246928A300728066 /* FifthReserveTableViewCell.swift in Sources */ = {isa = PBXBuildFile; fileRef = CE645B81246928A200728066 /* FifthReserveTableViewCell.swift */; };
		CE645B8B246928A300728066 /* FirstReserveTableViewCell.swift in Sources */ = {isa = PBXBuildFile; fileRef = CE645B82246928A200728066 /* FirstReserveTableViewCell.swift */; };
		CE645B8C246928A300728066 /* PersonalInformationTableViewCell.swift in Sources */ = {isa = PBXBuildFile; fileRef = CE645B83246928A200728066 /* PersonalInformationTableViewCell.swift */; };
		CE645B8D246928A300728066 /* BottomView.xib in Resources */ = {isa = PBXBuildFile; fileRef = CE645B84246928A200728066 /* BottomView.xib */; };
		CE645B8E246928A300728066 /* ThirdReserveTableViewCell.swift in Sources */ = {isa = PBXBuildFile; fileRef = CE645B85246928A200728066 /* ThirdReserveTableViewCell.swift */; };
		CE645B8F246928A300728066 /* SecondReserveTableViewCell.swift in Sources */ = {isa = PBXBuildFile; fileRef = CE645B86246928A200728066 /* SecondReserveTableViewCell.swift */; };
		CE645B90246928A300728066 /* BottomView.swift in Sources */ = {isa = PBXBuildFile; fileRef = CE645B87246928A300728066 /* BottomView.swift */; };
		CE645B91246928A300728066 /* ForthReserveTableViewCell.swift in Sources */ = {isa = PBXBuildFile; fileRef = CE645B88246928A300728066 /* ForthReserveTableViewCell.swift */; };
		CE6DC18824431AA900F11973 /* SFCompactText-LightItalic.otf in Resources */ = {isa = PBXBuildFile; fileRef = CE6DC18724431A9000F11973 /* SFCompactText-LightItalic.otf */; };
		CE9A0065246928EB000F35B9 /* SearchOptionMakeCollectionViewCell.swift in Sources */ = {isa = PBXBuildFile; fileRef = CE9A0060246928EB000F35B9 /* SearchOptionMakeCollectionViewCell.swift */; };
		CE9A0066246928EC000F35B9 /* SearchCollectionViewCell.swift in Sources */ = {isa = PBXBuildFile; fileRef = CE9A0061246928EB000F35B9 /* SearchCollectionViewCell.swift */; };
		CE9A0067246928EC000F35B9 /* SearchOptionModelCollectionViewCell.swift in Sources */ = {isa = PBXBuildFile; fileRef = CE9A0062246928EB000F35B9 /* SearchOptionModelCollectionViewCell.swift */; };
		CE9A0068246928EC000F35B9 /* SearchOptionConditionCollectionViewCell.swift in Sources */ = {isa = PBXBuildFile; fileRef = CE9A0063246928EB000F35B9 /* SearchOptionConditionCollectionViewCell.swift */; };
		CE9A0069246928EC000F35B9 /* SearchOptionYearCollectionViewCell.swift in Sources */ = {isa = PBXBuildFile; fileRef = CE9A0064246928EB000F35B9 /* SearchOptionYearCollectionViewCell.swift */; };
		CE9A008124692923000F35B9 /* InventoryViewController.swift in Sources */ = {isa = PBXBuildFile; fileRef = CE9A006A24692921000F35B9 /* InventoryViewController.swift */; };
		CE9A008224692923000F35B9 /* SearchOptionViewController.swift in Sources */ = {isa = PBXBuildFile; fileRef = CE9A006B24692921000F35B9 /* SearchOptionViewController.swift */; };
		CE9A008324692923000F35B9 /* VehicleCategoryViewController.swift in Sources */ = {isa = PBXBuildFile; fileRef = CE9A006C24692921000F35B9 /* VehicleCategoryViewController.swift */; };
		CE9A008424692923000F35B9 /* ViewController.swift in Sources */ = {isa = PBXBuildFile; fileRef = CE9A006D24692921000F35B9 /* ViewController.swift */; };
		CE9A008524692923000F35B9 /* AppDelegate.swift in Sources */ = {isa = PBXBuildFile; fileRef = CE9A006E24692921000F35B9 /* AppDelegate.swift */; };
		CE9A008624692923000F35B9 /* SuccessViewController.swift in Sources */ = {isa = PBXBuildFile; fileRef = CE9A006F24692921000F35B9 /* SuccessViewController.swift */; };
		CE9A008724692923000F35B9 /* ModelDetailsViewController.swift in Sources */ = {isa = PBXBuildFile; fileRef = CE9A007024692921000F35B9 /* ModelDetailsViewController.swift */; };
		CE9A008824692923000F35B9 /* PreOwnedVehiclesViewController.swift in Sources */ = {isa = PBXBuildFile; fileRef = CE9A007124692921000F35B9 /* PreOwnedVehiclesViewController.swift */; };
		CE9A008924692923000F35B9 /* SearchViewController.swift in Sources */ = {isa = PBXBuildFile; fileRef = CE9A007224692921000F35B9 /* SearchViewController.swift */; };
		CE9A008A24692923000F35B9 /* PaymentStatusViewController.swift in Sources */ = {isa = PBXBuildFile; fileRef = CE9A007324692922000F35B9 /* PaymentStatusViewController.swift */; };
		CE9A008B24692923000F35B9 /* BaseViewController.swift in Sources */ = {isa = PBXBuildFile; fileRef = CE9A007424692922000F35B9 /* BaseViewController.swift */; };
		CE9A008C24692923000F35B9 /* ContactNumbersViewController.swift in Sources */ = {isa = PBXBuildFile; fileRef = CE9A007524692922000F35B9 /* ContactNumbersViewController.swift */; };
		CE9A008D24692923000F35B9 /* ConfirmPaymentViewController.swift in Sources */ = {isa = PBXBuildFile; fileRef = CE9A007624692922000F35B9 /* ConfirmPaymentViewController.swift */; };
		CE9A008E24692923000F35B9 /* GovPermitsViewController.swift in Sources */ = {isa = PBXBuildFile; fileRef = CE9A007724692922000F35B9 /* GovPermitsViewController.swift */; };
		CE9A008F24692923000F35B9 /* PcpViewController.swift in Sources */ = {isa = PBXBuildFile; fileRef = CE9A007824692922000F35B9 /* PcpViewController.swift */; };
		CE9A009024692923000F35B9 /* QRPayViewController.swift in Sources */ = {isa = PBXBuildFile; fileRef = CE9A007924692922000F35B9 /* QRPayViewController.swift */; };
		CE9A009124692923000F35B9 /* ReserveVehicleViewController.swift in Sources */ = {isa = PBXBuildFile; fileRef = CE9A007A24692922000F35B9 /* ReserveVehicleViewController.swift */; };
		CE9A009224692923000F35B9 /* ReadyToShipViewController.swift in Sources */ = {isa = PBXBuildFile; fileRef = CE9A007B24692922000F35B9 /* ReadyToShipViewController.swift */; };
		CE9A009324692923000F35B9 /* SceneDelegate.swift in Sources */ = {isa = PBXBuildFile; fileRef = CE9A007C24692922000F35B9 /* SceneDelegate.swift */; };
		CE9A009424692923000F35B9 /* SidebarViewController.swift in Sources */ = {isa = PBXBuildFile; fileRef = CE9A007D24692922000F35B9 /* SidebarViewController.swift */; };
		CE9A009524692923000F35B9 /* TabBarViewController.swift in Sources */ = {isa = PBXBuildFile; fileRef = CE9A007E24692922000F35B9 /* TabBarViewController.swift */; };
		CE9A009624692923000F35B9 /* HomeViewController.swift in Sources */ = {isa = PBXBuildFile; fileRef = CE9A007F24692922000F35B9 /* HomeViewController.swift */; };
		CE9A009724692923000F35B9 /* UpdatesViewController.swift in Sources */ = {isa = PBXBuildFile; fileRef = CE9A008024692922000F35B9 /* UpdatesViewController.swift */; };
		CE9A00A3246929EA000F35B9 /* VehicleCategoryCollectionViewCell.xib in Resources */ = {isa = PBXBuildFile; fileRef = CE9A0098246929E9000F35B9 /* VehicleCategoryCollectionViewCell.xib */; };
		CE9A00A4246929EA000F35B9 /* VehicleCategoryTableViewCell.xib in Resources */ = {isa = PBXBuildFile; fileRef = CE9A0099246929E9000F35B9 /* VehicleCategoryTableViewCell.xib */; };
		CE9A00A5246929EA000F35B9 /* SidebarItemTableViewHeaderCell.xib in Resources */ = {isa = PBXBuildFile; fileRef = CE9A009A246929E9000F35B9 /* SidebarItemTableViewHeaderCell.xib */; };
		CE9A00A6246929EA000F35B9 /* ModelFeatureItem.xib in Resources */ = {isa = PBXBuildFile; fileRef = CE9A009B246929E9000F35B9 /* ModelFeatureItem.xib */; };
		CE9A00A7246929EA000F35B9 /* CarItemFeature.xib in Resources */ = {isa = PBXBuildFile; fileRef = CE9A009C246929E9000F35B9 /* CarItemFeature.xib */; };
		CE9A00A8246929EA000F35B9 /* PersonalInformationTableViewCell.xib in Resources */ = {isa = PBXBuildFile; fileRef = CE9A009D246929EA000F35B9 /* PersonalInformationTableViewCell.xib */; };
		CE9A00A9246929EA000F35B9 /* PaymentDetailsTableViewCell.xib in Resources */ = {isa = PBXBuildFile; fileRef = CE9A009E246929EA000F35B9 /* PaymentDetailsTableViewCell.xib */; };
		CE9A00AA246929EA000F35B9 /* HomeCategoryItemView.xib in Resources */ = {isa = PBXBuildFile; fileRef = CE9A009F246929EA000F35B9 /* HomeCategoryItemView.xib */; };
		CE9A00AB246929EA000F35B9 /* SidebarItemTableViewCell.xib in Resources */ = {isa = PBXBuildFile; fileRef = CE9A00A0246929EA000F35B9 /* SidebarItemTableViewCell.xib */; };
		CE9A00AC246929EA000F35B9 /* LaunchScreen.storyboard in Resources */ = {isa = PBXBuildFile; fileRef = CE9A00A1246929EA000F35B9 /* LaunchScreen.storyboard */; };
		CE9A00AD246929EA000F35B9 /* TrendingCollectionViewCell.xib in Resources */ = {isa = PBXBuildFile; fileRef = CE9A00A2246929EA000F35B9 /* TrendingCollectionViewCell.xib */; };
		CE9A00B1246929FB000F35B9 /* SidebarSubItemModel.swift in Sources */ = {isa = PBXBuildFile; fileRef = CE9A00AE246929FB000F35B9 /* SidebarSubItemModel.swift */; };
		CE9A00B2246929FB000F35B9 /* SidebarItemModel.swift in Sources */ = {isa = PBXBuildFile; fileRef = CE9A00AF246929FB000F35B9 /* SidebarItemModel.swift */; };
		CE9A00B3246929FB000F35B9 /* SidebarItemsList.swift in Sources */ = {isa = PBXBuildFile; fileRef = CE9A00B0246929FB000F35B9 /* SidebarItemsList.swift */; };
		CE9A00B524692A9C000F35B9 /* Main.storyboard in Resources */ = {isa = PBXBuildFile; fileRef = CE9A00B424692A9C000F35B9 /* Main.storyboard */; };
		FA1B63E024D80F58003BE28B /* SearchVehicles.swift in Sources */ = {isa = PBXBuildFile; fileRef = FA1B63DF24D80F58003BE28B /* SearchVehicles.swift */; };
		FA1B63E224D926EE003BE28B /* Int.swift in Sources */ = {isa = PBXBuildFile; fileRef = FA1B63E124D926EE003BE28B /* Int.swift */; };
		FA1B63E424D92F39003BE28B /* CallUsViewController.swift in Sources */ = {isa = PBXBuildFile; fileRef = FA1B63E324D92F39003BE28B /* CallUsViewController.swift */; };
		FA1B63E624D9C7B0003BE28B /* RootNavigationController.swift in Sources */ = {isa = PBXBuildFile; fileRef = FA1B63E524D9C7AF003BE28B /* RootNavigationController.swift */; };
		FA3D29C22609F7DA00BCFF30 /* (null) in Embed Frameworks */ = {isa = PBXBuildFile; settings = {ATTRIBUTES = (CodeSignOnCopy, RemoveHeadersOnCopy, ); }; };
		FAB3EC0B24D0107200D94DC6 /* AboutUsViewController.swift in Sources */ = {isa = PBXBuildFile; fileRef = FAB3EC0A24D0107200D94DC6 /* AboutUsViewController.swift */; };
		FAB3EC1124D01E7300D94DC6 /* WhatIsPcpViewController.swift in Sources */ = {isa = PBXBuildFile; fileRef = FAB3EC1024D01E7300D94DC6 /* WhatIsPcpViewController.swift */; };
		FAB3EC1324D01E8700D94DC6 /* InventorySidebarViewController.swift in Sources */ = {isa = PBXBuildFile; fileRef = FAB3EC1224D01E8700D94DC6 /* InventorySidebarViewController.swift */; };
		FAB3EC1524D01E9800D94DC6 /* TradeYourVehicleViewController.swift in Sources */ = {isa = PBXBuildFile; fileRef = FAB3EC1424D01E9800D94DC6 /* TradeYourVehicleViewController.swift */; };
		FAB3EC1724D01EAD00D94DC6 /* OurDeliveriesViewController.swift in Sources */ = {isa = PBXBuildFile; fileRef = FAB3EC1624D01EAD00D94DC6 /* OurDeliveriesViewController.swift */; };
		FAB3EC1A24D02B7000D94DC6 /* VehicleModel.swift in Sources */ = {isa = PBXBuildFile; fileRef = FAB3EC1924D02B7000D94DC6 /* VehicleModel.swift */; };
		FAB3EC1C24D02C7D00D94DC6 /* Domain.swift in Sources */ = {isa = PBXBuildFile; fileRef = FAB3EC1B24D02C7D00D94DC6 /* Domain.swift */; };
		FAB3EC1F24D03B1600D94DC6 /* FormatterUtil.swift in Sources */ = {isa = PBXBuildFile; fileRef = FAB3EC1E24D03B1600D94DC6 /* FormatterUtil.swift */; };
		FAB3EC2124D0962E00D94DC6 /* VehicleModelInDetail.swift in Sources */ = {isa = PBXBuildFile; fileRef = FAB3EC2024D0962E00D94DC6 /* VehicleModelInDetail.swift */; };
		FAB3EC2424D0AD1400D94DC6 /* UIImageView.swift in Sources */ = {isa = PBXBuildFile; fileRef = FAB3EC2324D0AD1400D94DC6 /* UIImageView.swift */; };
		FAB3EC4D24D403B100D94DC6 /* CheckBox.swift in Sources */ = {isa = PBXBuildFile; fileRef = FAB3EC4C24D403B100D94DC6 /* CheckBox.swift */; };
		FAEAC78324D45C86005B6364 /* SearchOptionNewViewController.swift in Sources */ = {isa = PBXBuildFile; fileRef = FAEAC78224D45C86005B6364 /* SearchOptionNewViewController.swift */; };
		FAEAC78724D469C9005B6364 /* ConditionCollectionViewCell.swift in Sources */ = {isa = PBXBuildFile; fileRef = FAEAC78624D469C9005B6364 /* ConditionCollectionViewCell.swift */; };
		FAEAC78924D469D7005B6364 /* MakeCollectionViewCell.swift in Sources */ = {isa = PBXBuildFile; fileRef = FAEAC78824D469D7005B6364 /* MakeCollectionViewCell.swift */; };
		FAEAC78B24D469E5005B6364 /* ModelCollectionViewCell.swift in Sources */ = {isa = PBXBuildFile; fileRef = FAEAC78A24D469E5005B6364 /* ModelCollectionViewCell.swift */; };
		FAEAC78D24D469F0005B6364 /* YearCollectionViewCell.swift in Sources */ = {isa = PBXBuildFile; fileRef = FAEAC78C24D469F0005B6364 /* YearCollectionViewCell.swift */; };
		FAEAC79024D47437005B6364 /* FirstTableViewCell.swift in Sources */ = {isa = PBXBuildFile; fileRef = FAEAC78F24D47437005B6364 /* FirstTableViewCell.swift */; };
		FAEAC79224D47444005B6364 /* SecondTableViewCell.swift in Sources */ = {isa = PBXBuildFile; fileRef = FAEAC79124D47444005B6364 /* SecondTableViewCell.swift */; };
		FAEAC79424D4744E005B6364 /* ThirdTableViewCell.swift in Sources */ = {isa = PBXBuildFile; fileRef = FAEAC79324D4744E005B6364 /* ThirdTableViewCell.swift */; };
		FAEAC79624D47459005B6364 /* ForthTableViewCell.swift in Sources */ = {isa = PBXBuildFile; fileRef = FAEAC79524D47459005B6364 /* ForthTableViewCell.swift */; };
		FAEAC79824D47464005B6364 /* FifthTableViewCell.swift in Sources */ = {isa = PBXBuildFile; fileRef = FAEAC79724D47464005B6364 /* FifthTableViewCell.swift */; };
		FAEAC79A24D479E0005B6364 /* FirstCollectionViewCell.swift in Sources */ = {isa = PBXBuildFile; fileRef = FAEAC79924D479E0005B6364 /* FirstCollectionViewCell.swift */; };
		FAEAC79C24D479EC005B6364 /* SecondCollectionViewCell.swift in Sources */ = {isa = PBXBuildFile; fileRef = FAEAC79B24D479EC005B6364 /* SecondCollectionViewCell.swift */; };
		FAEAC79E24D479F7005B6364 /* ThirdCollectionViewCell.swift in Sources */ = {isa = PBXBuildFile; fileRef = FAEAC79D24D479F7005B6364 /* ThirdCollectionViewCell.swift */; };
		FAEAC7A224D5A339005B6364 /* ImageSliderCollectionViewCell.swift in Sources */ = {isa = PBXBuildFile; fileRef = FAEAC7A124D5A339005B6364 /* ImageSliderCollectionViewCell.swift */; };
/* End PBXBuildFile section */

/* Begin PBXCopyFilesBuildPhase section */
		FA3D29C32609F7DA00BCFF30 /* Embed Frameworks */ = {
			isa = PBXCopyFilesBuildPhase;
			buildActionMask = 2147483647;
			dstPath = "";
			dstSubfolderSpec = 10;
			files = (
				FA3D29C22609F7DA00BCFF30 /* (null) in Embed Frameworks */,
			);
			name = "Embed Frameworks";
			runOnlyForDeploymentPostprocessing = 0;
		};
/* End PBXCopyFilesBuildPhase section */

/* Begin PBXFileReference section */
		5FD7379712B4E23D6DD75A29 /* Pods-Auto Direct.debug.xcconfig */ = {isa = PBXFileReference; includeInIndex = 1; lastKnownFileType = text.xcconfig; name = "Pods-Auto Direct.debug.xcconfig"; path = "Target Support Files/Pods-Auto Direct/Pods-Auto Direct.debug.xcconfig"; sourceTree = "<group>"; };
		9BF8D735D69849A7F025F1F9 /* Pods_Auto_Direct.framework */ = {isa = PBXFileReference; explicitFileType = wrapper.framework; includeInIndex = 0; path = Pods_Auto_Direct.framework; sourceTree = BUILT_PRODUCTS_DIR; };
		B673CC68468EFC0C112EC163 /* Pods-Auto Direct.release.xcconfig */ = {isa = PBXFileReference; includeInIndex = 1; lastKnownFileType = text.xcconfig; name = "Pods-Auto Direct.release.xcconfig"; path = "Target Support Files/Pods-Auto Direct/Pods-Auto Direct.release.xcconfig"; sourceTree = "<group>"; };
		CE01F7AC243A477F00C658F8 /* Autodirect.app */ = {isa = PBXFileReference; explicitFileType = wrapper.application; includeInIndex = 0; path = Autodirect.app; sourceTree = BUILT_PRODUCTS_DIR; };
		CE01F7BD243A478600C658F8 /* Info.plist */ = {isa = PBXFileReference; lastKnownFileType = text.plist.xml; path = Info.plist; sourceTree = "<group>"; };
		CE645B492469280F00728066 /* UIImage.swift */ = {isa = PBXFileReference; fileEncoding = 4; lastKnownFileType = sourcecode.swift; path = UIImage.swift; sourceTree = "<group>"; };
		CE645B4A2469280F00728066 /* UIView.swift */ = {isa = PBXFileReference; fileEncoding = 4; lastKnownFileType = sourcecode.swift; path = UIView.swift; sourceTree = "<group>"; };
		CE645B4B2469280F00728066 /* UINavigationBar.swift */ = {isa = PBXFileReference; fileEncoding = 4; lastKnownFileType = sourcecode.swift; path = UINavigationBar.swift; sourceTree = "<group>"; };
		CE645B4C2469281000728066 /* UIViewController.swift */ = {isa = PBXFileReference; fileEncoding = 4; lastKnownFileType = sourcecode.swift; path = UIViewController.swift; sourceTree = "<group>"; };
		CE645B4D2469281000728066 /* UIColor.swift */ = {isa = PBXFileReference; fileEncoding = 4; lastKnownFileType = sourcecode.swift; path = UIColor.swift; sourceTree = "<group>"; };
		CE645B532469282D00728066 /* Assets.xcassets */ = {isa = PBXFileReference; lastKnownFileType = folder.assetcatalog; path = Assets.xcassets; sourceTree = "<group>"; };
		CE645B552469284800728066 /* VehicleCategoryTableViewCell.swift */ = {isa = PBXFileReference; fileEncoding = 4; lastKnownFileType = sourcecode.swift; path = VehicleCategoryTableViewCell.swift; sourceTree = "<group>"; };
		CE645B562469284800728066 /* TrendingCollectionViewCell.swift */ = {isa = PBXFileReference; fileEncoding = 4; lastKnownFileType = sourcecode.swift; path = TrendingCollectionViewCell.swift; sourceTree = "<group>"; };
		CE645B572469284800728066 /* VehicleCategoryCollectionViewCell.swift */ = {isa = PBXFileReference; fileEncoding = 4; lastKnownFileType = sourcecode.swift; path = VehicleCategoryCollectionViewCell.swift; sourceTree = "<group>"; };
		CE645B582469284800728066 /* HomeCategoryItemView.swift */ = {isa = PBXFileReference; fileEncoding = 4; lastKnownFileType = sourcecode.swift; path = HomeCategoryItemView.swift; sourceTree = "<group>"; };
		CE645B592469284800728066 /* CarItemFeature.swift */ = {isa = PBXFileReference; fileEncoding = 4; lastKnownFileType = sourcecode.swift; path = CarItemFeature.swift; sourceTree = "<group>"; };
		CE645B5A2469284900728066 /* SidebarItemTableViewCell.swift */ = {isa = PBXFileReference; fileEncoding = 4; lastKnownFileType = sourcecode.swift; path = SidebarItemTableViewCell.swift; sourceTree = "<group>"; };
		CE645B5B2469284900728066 /* SidebarItemTableViewHeaderCell.swift */ = {isa = PBXFileReference; fileEncoding = 4; lastKnownFileType = sourcecode.swift; path = SidebarItemTableViewHeaderCell.swift; sourceTree = "<group>"; };
		CE645B642469286400728066 /* ExampleBackgroundContentView.swift */ = {isa = PBXFileReference; fileEncoding = 4; lastKnownFileType = sourcecode.swift; path = ExampleBackgroundContentView.swift; sourceTree = "<group>"; };
		CE645B652469286400728066 /* ExampleIrregularityBasicContentView.swift */ = {isa = PBXFileReference; fileEncoding = 4; lastKnownFileType = sourcecode.swift; path = ExampleIrregularityBasicContentView.swift; sourceTree = "<group>"; };
		CE645B662469286400728066 /* ExampleIrregularityContentView.swift */ = {isa = PBXFileReference; fileEncoding = 4; lastKnownFileType = sourcecode.swift; path = ExampleIrregularityContentView.swift; sourceTree = "<group>"; };
		CE645B672469286500728066 /* ExampleBouncesContentView.swift */ = {isa = PBXFileReference; fileEncoding = 4; lastKnownFileType = sourcecode.swift; path = ExampleBouncesContentView.swift; sourceTree = "<group>"; };
		CE645B682469286500728066 /* ExampleBasicContentView.swift */ = {isa = PBXFileReference; fileEncoding = 4; lastKnownFileType = sourcecode.swift; path = ExampleBasicContentView.swift; sourceTree = "<group>"; };
		CE645B692469286500728066 /* ExampleProvider.swift */ = {isa = PBXFileReference; fileEncoding = 4; lastKnownFileType = sourcecode.swift; path = ExampleProvider.swift; sourceTree = "<group>"; };
		CE645B702469287E00728066 /* FifthModelDetailsTableViewCell.swift */ = {isa = PBXFileReference; fileEncoding = 4; lastKnownFileType = sourcecode.swift; path = FifthModelDetailsTableViewCell.swift; sourceTree = "<group>"; };
		CE645B712469287E00728066 /* ForthModelDetailsTableViewCell.swift */ = {isa = PBXFileReference; fileEncoding = 4; lastKnownFileType = sourcecode.swift; path = ForthModelDetailsTableViewCell.swift; sourceTree = "<group>"; };
		CE645B722469287F00728066 /* SixthModelDetailsTableViewCell.swift */ = {isa = PBXFileReference; fileEncoding = 4; lastKnownFileType = sourcecode.swift; path = SixthModelDetailsTableViewCell.swift; sourceTree = "<group>"; };
		CE645B732469287F00728066 /* ThirdModelDetailsTableViewCell.swift */ = {isa = PBXFileReference; fileEncoding = 4; lastKnownFileType = sourcecode.swift; path = ThirdModelDetailsTableViewCell.swift; sourceTree = "<group>"; };
		CE645B742469287F00728066 /* FirstModelDetailsTableViewCell.swift */ = {isa = PBXFileReference; fileEncoding = 4; lastKnownFileType = sourcecode.swift; path = FirstModelDetailsTableViewCell.swift; sourceTree = "<group>"; };
		CE645B752469287F00728066 /* ModelFeatureItem.swift */ = {isa = PBXFileReference; fileEncoding = 4; lastKnownFileType = sourcecode.swift; path = ModelFeatureItem.swift; sourceTree = "<group>"; };
		CE645B762469287F00728066 /* SecondModelDetailsTableViewCell.swift */ = {isa = PBXFileReference; fileEncoding = 4; lastKnownFileType = sourcecode.swift; path = SecondModelDetailsTableViewCell.swift; sourceTree = "<group>"; };
		CE645B772469287F00728066 /* ModelDetailsCollectionViewCell.swift */ = {isa = PBXFileReference; fileEncoding = 4; lastKnownFileType = sourcecode.swift; path = ModelDetailsCollectionViewCell.swift; sourceTree = "<group>"; };
		CE645B80246928A200728066 /* PaymentDetailsTableViewCell.swift */ = {isa = PBXFileReference; fileEncoding = 4; lastKnownFileType = sourcecode.swift; path = PaymentDetailsTableViewCell.swift; sourceTree = "<group>"; };
		CE645B81246928A200728066 /* FifthReserveTableViewCell.swift */ = {isa = PBXFileReference; fileEncoding = 4; lastKnownFileType = sourcecode.swift; path = FifthReserveTableViewCell.swift; sourceTree = "<group>"; };
		CE645B82246928A200728066 /* FirstReserveTableViewCell.swift */ = {isa = PBXFileReference; fileEncoding = 4; lastKnownFileType = sourcecode.swift; path = FirstReserveTableViewCell.swift; sourceTree = "<group>"; };
		CE645B83246928A200728066 /* PersonalInformationTableViewCell.swift */ = {isa = PBXFileReference; fileEncoding = 4; lastKnownFileType = sourcecode.swift; path = PersonalInformationTableViewCell.swift; sourceTree = "<group>"; };
		CE645B84246928A200728066 /* BottomView.xib */ = {isa = PBXFileReference; fileEncoding = 4; lastKnownFileType = file.xib; path = BottomView.xib; sourceTree = "<group>"; };
		CE645B85246928A200728066 /* ThirdReserveTableViewCell.swift */ = {isa = PBXFileReference; fileEncoding = 4; lastKnownFileType = sourcecode.swift; path = ThirdReserveTableViewCell.swift; sourceTree = "<group>"; };
		CE645B86246928A200728066 /* SecondReserveTableViewCell.swift */ = {isa = PBXFileReference; fileEncoding = 4; lastKnownFileType = sourcecode.swift; path = SecondReserveTableViewCell.swift; sourceTree = "<group>"; };
		CE645B87246928A300728066 /* BottomView.swift */ = {isa = PBXFileReference; fileEncoding = 4; lastKnownFileType = sourcecode.swift; path = BottomView.swift; sourceTree = "<group>"; };
		CE645B88246928A300728066 /* ForthReserveTableViewCell.swift */ = {isa = PBXFileReference; fileEncoding = 4; lastKnownFileType = sourcecode.swift; path = ForthReserveTableViewCell.swift; sourceTree = "<group>"; };
		CE6DC18724431A9000F11973 /* SFCompactText-LightItalic.otf */ = {isa = PBXFileReference; lastKnownFileType = file; path = "SFCompactText-LightItalic.otf"; sourceTree = "<group>"; };
		CE6DC18924431B3E00F11973 /* SFCompactText-SemiBold.ttf */ = {isa = PBXFileReference; lastKnownFileType = file; path = "SFCompactText-SemiBold.ttf"; sourceTree = "<group>"; };
		CE6DC18A24431B3E00F11973 /* SFCompactText-Light.otf */ = {isa = PBXFileReference; lastKnownFileType = file; path = "SFCompactText-Light.otf"; sourceTree = "<group>"; };
		CE6DC18B24431B3E00F11973 /* SFCompactText-Heavy.otf */ = {isa = PBXFileReference; lastKnownFileType = file; path = "SFCompactText-Heavy.otf"; sourceTree = "<group>"; };
		CE6DC18C24431B3E00F11973 /* SFCompactText-MediumItalic.otf */ = {isa = PBXFileReference; lastKnownFileType = file; path = "SFCompactText-MediumItalic.otf"; sourceTree = "<group>"; };
		CE6DC18D24431B3E00F11973 /* SFCompactText-RegularItalic.otf */ = {isa = PBXFileReference; lastKnownFileType = file; path = "SFCompactText-RegularItalic.otf"; sourceTree = "<group>"; };
		CE6DC18E24431B3E00F11973 /* SFCompactText-BoldItalic.otf */ = {isa = PBXFileReference; lastKnownFileType = file; path = "SFCompactText-BoldItalic.otf"; sourceTree = "<group>"; };
		CE6DC18F24431B3F00F11973 /* SFCompactText-HeavyItalic.otf */ = {isa = PBXFileReference; lastKnownFileType = file; path = "SFCompactText-HeavyItalic.otf"; sourceTree = "<group>"; };
		CE6DC19024431B3F00F11973 /* SFCompactText-Regular.otf */ = {isa = PBXFileReference; lastKnownFileType = file; path = "SFCompactText-Regular.otf"; sourceTree = "<group>"; };
		CE6DC19124431B3F00F11973 /* SFCompactText-Medium.otf */ = {isa = PBXFileReference; lastKnownFileType = file; path = "SFCompactText-Medium.otf"; sourceTree = "<group>"; };
		CE6DC19224431B3F00F11973 /* SFCompactText-Bold.otf */ = {isa = PBXFileReference; lastKnownFileType = file; path = "SFCompactText-Bold.otf"; sourceTree = "<group>"; };
		CE9A0060246928EB000F35B9 /* SearchOptionMakeCollectionViewCell.swift */ = {isa = PBXFileReference; fileEncoding = 4; lastKnownFileType = sourcecode.swift; path = SearchOptionMakeCollectionViewCell.swift; sourceTree = "<group>"; };
		CE9A0061246928EB000F35B9 /* SearchCollectionViewCell.swift */ = {isa = PBXFileReference; fileEncoding = 4; lastKnownFileType = sourcecode.swift; path = SearchCollectionViewCell.swift; sourceTree = "<group>"; };
		CE9A0062246928EB000F35B9 /* SearchOptionModelCollectionViewCell.swift */ = {isa = PBXFileReference; fileEncoding = 4; lastKnownFileType = sourcecode.swift; path = SearchOptionModelCollectionViewCell.swift; sourceTree = "<group>"; };
		CE9A0063246928EB000F35B9 /* SearchOptionConditionCollectionViewCell.swift */ = {isa = PBXFileReference; fileEncoding = 4; lastKnownFileType = sourcecode.swift; path = SearchOptionConditionCollectionViewCell.swift; sourceTree = "<group>"; };
		CE9A0064246928EB000F35B9 /* SearchOptionYearCollectionViewCell.swift */ = {isa = PBXFileReference; fileEncoding = 4; lastKnownFileType = sourcecode.swift; path = SearchOptionYearCollectionViewCell.swift; sourceTree = "<group>"; };
		CE9A006A24692921000F35B9 /* InventoryViewController.swift */ = {isa = PBXFileReference; fileEncoding = 4; lastKnownFileType = sourcecode.swift; path = InventoryViewController.swift; sourceTree = "<group>"; };
		CE9A006B24692921000F35B9 /* SearchOptionViewController.swift */ = {isa = PBXFileReference; fileEncoding = 4; lastKnownFileType = sourcecode.swift; path = SearchOptionViewController.swift; sourceTree = "<group>"; };
		CE9A006C24692921000F35B9 /* VehicleCategoryViewController.swift */ = {isa = PBXFileReference; fileEncoding = 4; lastKnownFileType = sourcecode.swift; path = VehicleCategoryViewController.swift; sourceTree = "<group>"; };
		CE9A006D24692921000F35B9 /* ViewController.swift */ = {isa = PBXFileReference; fileEncoding = 4; lastKnownFileType = sourcecode.swift; path = ViewController.swift; sourceTree = "<group>"; };
		CE9A006E24692921000F35B9 /* AppDelegate.swift */ = {isa = PBXFileReference; fileEncoding = 4; lastKnownFileType = sourcecode.swift; path = AppDelegate.swift; sourceTree = "<group>"; };
		CE9A006F24692921000F35B9 /* SuccessViewController.swift */ = {isa = PBXFileReference; fileEncoding = 4; lastKnownFileType = sourcecode.swift; path = SuccessViewController.swift; sourceTree = "<group>"; };
		CE9A007024692921000F35B9 /* ModelDetailsViewController.swift */ = {isa = PBXFileReference; fileEncoding = 4; lastKnownFileType = sourcecode.swift; path = ModelDetailsViewController.swift; sourceTree = "<group>"; };
		CE9A007124692921000F35B9 /* PreOwnedVehiclesViewController.swift */ = {isa = PBXFileReference; fileEncoding = 4; lastKnownFileType = sourcecode.swift; path = PreOwnedVehiclesViewController.swift; sourceTree = "<group>"; };
		CE9A007224692921000F35B9 /* SearchViewController.swift */ = {isa = PBXFileReference; fileEncoding = 4; lastKnownFileType = sourcecode.swift; path = SearchViewController.swift; sourceTree = "<group>"; };
		CE9A007324692922000F35B9 /* PaymentStatusViewController.swift */ = {isa = PBXFileReference; fileEncoding = 4; lastKnownFileType = sourcecode.swift; path = PaymentStatusViewController.swift; sourceTree = "<group>"; };
		CE9A007424692922000F35B9 /* BaseViewController.swift */ = {isa = PBXFileReference; fileEncoding = 4; lastKnownFileType = sourcecode.swift; path = BaseViewController.swift; sourceTree = "<group>"; };
		CE9A007524692922000F35B9 /* ContactNumbersViewController.swift */ = {isa = PBXFileReference; fileEncoding = 4; lastKnownFileType = sourcecode.swift; path = ContactNumbersViewController.swift; sourceTree = "<group>"; };
		CE9A007624692922000F35B9 /* ConfirmPaymentViewController.swift */ = {isa = PBXFileReference; fileEncoding = 4; lastKnownFileType = sourcecode.swift; path = ConfirmPaymentViewController.swift; sourceTree = "<group>"; };
		CE9A007724692922000F35B9 /* GovPermitsViewController.swift */ = {isa = PBXFileReference; fileEncoding = 4; lastKnownFileType = sourcecode.swift; path = GovPermitsViewController.swift; sourceTree = "<group>"; };
		CE9A007824692922000F35B9 /* PcpViewController.swift */ = {isa = PBXFileReference; fileEncoding = 4; lastKnownFileType = sourcecode.swift; path = PcpViewController.swift; sourceTree = "<group>"; };
		CE9A007924692922000F35B9 /* QRPayViewController.swift */ = {isa = PBXFileReference; fileEncoding = 4; lastKnownFileType = sourcecode.swift; path = QRPayViewController.swift; sourceTree = "<group>"; };
		CE9A007A24692922000F35B9 /* ReserveVehicleViewController.swift */ = {isa = PBXFileReference; fileEncoding = 4; lastKnownFileType = sourcecode.swift; path = ReserveVehicleViewController.swift; sourceTree = "<group>"; };
		CE9A007B24692922000F35B9 /* ReadyToShipViewController.swift */ = {isa = PBXFileReference; fileEncoding = 4; lastKnownFileType = sourcecode.swift; path = ReadyToShipViewController.swift; sourceTree = "<group>"; };
		CE9A007C24692922000F35B9 /* SceneDelegate.swift */ = {isa = PBXFileReference; fileEncoding = 4; lastKnownFileType = sourcecode.swift; path = SceneDelegate.swift; sourceTree = "<group>"; };
		CE9A007D24692922000F35B9 /* SidebarViewController.swift */ = {isa = PBXFileReference; fileEncoding = 4; lastKnownFileType = sourcecode.swift; path = SidebarViewController.swift; sourceTree = "<group>"; };
		CE9A007E24692922000F35B9 /* TabBarViewController.swift */ = {isa = PBXFileReference; fileEncoding = 4; lastKnownFileType = sourcecode.swift; path = TabBarViewController.swift; sourceTree = "<group>"; };
		CE9A007F24692922000F35B9 /* HomeViewController.swift */ = {isa = PBXFileReference; fileEncoding = 4; lastKnownFileType = sourcecode.swift; path = HomeViewController.swift; sourceTree = "<group>"; };
		CE9A008024692922000F35B9 /* UpdatesViewController.swift */ = {isa = PBXFileReference; fileEncoding = 4; lastKnownFileType = sourcecode.swift; path = UpdatesViewController.swift; sourceTree = "<group>"; };
		CE9A0098246929E9000F35B9 /* VehicleCategoryCollectionViewCell.xib */ = {isa = PBXFileReference; fileEncoding = 4; lastKnownFileType = file.xib; path = VehicleCategoryCollectionViewCell.xib; sourceTree = "<group>"; };
		CE9A0099246929E9000F35B9 /* VehicleCategoryTableViewCell.xib */ = {isa = PBXFileReference; fileEncoding = 4; lastKnownFileType = file.xib; path = VehicleCategoryTableViewCell.xib; sourceTree = "<group>"; };
		CE9A009A246929E9000F35B9 /* SidebarItemTableViewHeaderCell.xib */ = {isa = PBXFileReference; fileEncoding = 4; lastKnownFileType = file.xib; path = SidebarItemTableViewHeaderCell.xib; sourceTree = "<group>"; };
		CE9A009B246929E9000F35B9 /* ModelFeatureItem.xib */ = {isa = PBXFileReference; fileEncoding = 4; lastKnownFileType = file.xib; path = ModelFeatureItem.xib; sourceTree = "<group>"; };
		CE9A009C246929E9000F35B9 /* CarItemFeature.xib */ = {isa = PBXFileReference; fileEncoding = 4; lastKnownFileType = file.xib; path = CarItemFeature.xib; sourceTree = "<group>"; };
		CE9A009D246929EA000F35B9 /* PersonalInformationTableViewCell.xib */ = {isa = PBXFileReference; fileEncoding = 4; lastKnownFileType = file.xib; path = PersonalInformationTableViewCell.xib; sourceTree = "<group>"; };
		CE9A009E246929EA000F35B9 /* PaymentDetailsTableViewCell.xib */ = {isa = PBXFileReference; fileEncoding = 4; lastKnownFileType = file.xib; path = PaymentDetailsTableViewCell.xib; sourceTree = "<group>"; };
		CE9A009F246929EA000F35B9 /* HomeCategoryItemView.xib */ = {isa = PBXFileReference; fileEncoding = 4; lastKnownFileType = file.xib; path = HomeCategoryItemView.xib; sourceTree = "<group>"; };
		CE9A00A0246929EA000F35B9 /* SidebarItemTableViewCell.xib */ = {isa = PBXFileReference; fileEncoding = 4; lastKnownFileType = file.xib; path = SidebarItemTableViewCell.xib; sourceTree = "<group>"; };
		CE9A00A1246929EA000F35B9 /* LaunchScreen.storyboard */ = {isa = PBXFileReference; fileEncoding = 4; lastKnownFileType = file.storyboard; path = LaunchScreen.storyboard; sourceTree = "<group>"; };
		CE9A00A2246929EA000F35B9 /* TrendingCollectionViewCell.xib */ = {isa = PBXFileReference; fileEncoding = 4; lastKnownFileType = file.xib; path = TrendingCollectionViewCell.xib; sourceTree = "<group>"; };
		CE9A00AE246929FB000F35B9 /* SidebarSubItemModel.swift */ = {isa = PBXFileReference; fileEncoding = 4; lastKnownFileType = sourcecode.swift; path = SidebarSubItemModel.swift; sourceTree = "<group>"; };
		CE9A00AF246929FB000F35B9 /* SidebarItemModel.swift */ = {isa = PBXFileReference; fileEncoding = 4; lastKnownFileType = sourcecode.swift; path = SidebarItemModel.swift; sourceTree = "<group>"; };
		CE9A00B0246929FB000F35B9 /* SidebarItemsList.swift */ = {isa = PBXFileReference; fileEncoding = 4; lastKnownFileType = sourcecode.swift; path = SidebarItemsList.swift; sourceTree = "<group>"; };
		CE9A00B424692A9C000F35B9 /* Main.storyboard */ = {isa = PBXFileReference; fileEncoding = 4; lastKnownFileType = file.storyboard; path = Main.storyboard; sourceTree = "<group>"; };
		FA1B63DF24D80F58003BE28B /* SearchVehicles.swift */ = {isa = PBXFileReference; lastKnownFileType = sourcecode.swift; path = SearchVehicles.swift; sourceTree = "<group>"; };
		FA1B63E124D926EE003BE28B /* Int.swift */ = {isa = PBXFileReference; lastKnownFileType = sourcecode.swift; path = Int.swift; sourceTree = "<group>"; };
		FA1B63E324D92F39003BE28B /* CallUsViewController.swift */ = {isa = PBXFileReference; lastKnownFileType = sourcecode.swift; path = CallUsViewController.swift; sourceTree = "<group>"; };
		FA1B63E524D9C7AF003BE28B /* RootNavigationController.swift */ = {isa = PBXFileReference; lastKnownFileType = sourcecode.swift; path = RootNavigationController.swift; sourceTree = "<group>"; };
		FA3D298A2609F63200BCFF30 /* Alamofire.framework */ = {isa = PBXFileReference; explicitFileType = wrapper.framework; path = Alamofire.framework; sourceTree = BUILT_PRODUCTS_DIR; };
		FA3D298B2609F63200BCFF30 /* AlamofireImage.framework */ = {isa = PBXFileReference; explicitFileType = wrapper.framework; path = AlamofireImage.framework; sourceTree = BUILT_PRODUCTS_DIR; };
		FA3D298C2609F63200BCFF30 /* DLRadioButton.framework */ = {isa = PBXFileReference; explicitFileType = wrapper.framework; path = DLRadioButton.framework; sourceTree = BUILT_PRODUCTS_DIR; };
		FA3D298D2609F63200BCFF30 /* ESTabBarController_swift.framework */ = {isa = PBXFileReference; explicitFileType = wrapper.framework; path = ESTabBarController_swift.framework; sourceTree = BUILT_PRODUCTS_DIR; };
		FA3D298E2609F63200BCFF30 /* ImageLoader.framework */ = {isa = PBXFileReference; explicitFileType = wrapper.framework; path = ImageLoader.framework; sourceTree = BUILT_PRODUCTS_DIR; };
		FA3D298F2609F63200BCFF30 /* ImageSlideshow.framework */ = {isa = PBXFileReference; explicitFileType = wrapper.framework; path = ImageSlideshow.framework; sourceTree = BUILT_PRODUCTS_DIR; };
		FA3D29912609F63200BCFF30 /* Presentr.framework */ = {isa = PBXFileReference; explicitFileType = wrapper.framework; path = Presentr.framework; sourceTree = BUILT_PRODUCTS_DIR; };
		FA3D29922609F63200BCFF30 /* RangeSeekSlider.framework */ = {isa = PBXFileReference; explicitFileType = wrapper.framework; path = RangeSeekSlider.framework; sourceTree = BUILT_PRODUCTS_DIR; };
		FA3D29932609F63200BCFF30 /* Shimmer.framework */ = {isa = PBXFileReference; explicitFileType = wrapper.framework; path = Shimmer.framework; sourceTree = BUILT_PRODUCTS_DIR; };
		FA3D29942609F63200BCFF30 /* SideMenuSwift.framework */ = {isa = PBXFileReference; explicitFileType = wrapper.framework; path = SideMenuSwift.framework; sourceTree = BUILT_PRODUCTS_DIR; };
		FA3D29952609F63200BCFF30 /* SpringIndicator.framework */ = {isa = PBXFileReference; explicitFileType = wrapper.framework; path = SpringIndicator.framework; sourceTree = BUILT_PRODUCTS_DIR; };
		FA3D29962609F63200BCFF30 /* StepIndicator.bundle */ = {isa = PBXFileReference; explicitFileType = wrapper.cfbundle; path = StepIndicator.bundle; sourceTree = BUILT_PRODUCTS_DIR; };
		FA3D29972609F63200BCFF30 /* StepIndicator.framework */ = {isa = PBXFileReference; explicitFileType = wrapper.framework; path = StepIndicator.framework; sourceTree = BUILT_PRODUCTS_DIR; };
		FA3D29982609F63200BCFF30 /* SwiftyJSON.framework */ = {isa = PBXFileReference; explicitFileType = wrapper.framework; path = SwiftyJSON.framework; sourceTree = BUILT_PRODUCTS_DIR; };
		FA3D29992609F63200BCFF30 /* Toast_Swift.framework */ = {isa = PBXFileReference; explicitFileType = wrapper.framework; path = Toast_Swift.framework; sourceTree = BUILT_PRODUCTS_DIR; };
		FA3D299A2609F63200BCFF30 /* youtube_ios_player_helper.framework */ = {isa = PBXFileReference; explicitFileType = wrapper.framework; path = youtube_ios_player_helper.framework; sourceTree = BUILT_PRODUCTS_DIR; };
		FA3D29BE2609F76300BCFF30 /* Alamofire.framework */ = {isa = PBXFileReference; explicitFileType = wrapper.framework; path = Alamofire.framework; sourceTree = BUILT_PRODUCTS_DIR; };
		FAB3EC0A24D0107200D94DC6 /* AboutUsViewController.swift */ = {isa = PBXFileReference; lastKnownFileType = sourcecode.swift; path = AboutUsViewController.swift; sourceTree = "<group>"; };
		FAB3EC1024D01E7300D94DC6 /* WhatIsPcpViewController.swift */ = {isa = PBXFileReference; lastKnownFileType = sourcecode.swift; path = WhatIsPcpViewController.swift; sourceTree = "<group>"; };
		FAB3EC1224D01E8700D94DC6 /* InventorySidebarViewController.swift */ = {isa = PBXFileReference; lastKnownFileType = sourcecode.swift; path = InventorySidebarViewController.swift; sourceTree = "<group>"; };
		FAB3EC1424D01E9800D94DC6 /* TradeYourVehicleViewController.swift */ = {isa = PBXFileReference; lastKnownFileType = sourcecode.swift; path = TradeYourVehicleViewController.swift; sourceTree = "<group>"; };
		FAB3EC1624D01EAD00D94DC6 /* OurDeliveriesViewController.swift */ = {isa = PBXFileReference; lastKnownFileType = sourcecode.swift; path = OurDeliveriesViewController.swift; sourceTree = "<group>"; };
		FAB3EC1924D02B7000D94DC6 /* VehicleModel.swift */ = {isa = PBXFileReference; lastKnownFileType = sourcecode.swift; path = VehicleModel.swift; sourceTree = "<group>"; };
		FAB3EC1B24D02C7D00D94DC6 /* Domain.swift */ = {isa = PBXFileReference; lastKnownFileType = sourcecode.swift; path = Domain.swift; sourceTree = "<group>"; };
		FAB3EC1E24D03B1600D94DC6 /* FormatterUtil.swift */ = {isa = PBXFileReference; lastKnownFileType = sourcecode.swift; path = FormatterUtil.swift; sourceTree = "<group>"; };
		FAB3EC2024D0962E00D94DC6 /* VehicleModelInDetail.swift */ = {isa = PBXFileReference; lastKnownFileType = sourcecode.swift; path = VehicleModelInDetail.swift; sourceTree = "<group>"; };
		FAB3EC2324D0AD1400D94DC6 /* UIImageView.swift */ = {isa = PBXFileReference; lastKnownFileType = sourcecode.swift; path = UIImageView.swift; sourceTree = "<group>"; };
		FAB3EC4C24D403B100D94DC6 /* CheckBox.swift */ = {isa = PBXFileReference; lastKnownFileType = sourcecode.swift; path = CheckBox.swift; sourceTree = "<group>"; };
		FAEAC78224D45C86005B6364 /* SearchOptionNewViewController.swift */ = {isa = PBXFileReference; lastKnownFileType = sourcecode.swift; path = SearchOptionNewViewController.swift; sourceTree = "<group>"; };
		FAEAC78624D469C9005B6364 /* ConditionCollectionViewCell.swift */ = {isa = PBXFileReference; lastKnownFileType = sourcecode.swift; path = ConditionCollectionViewCell.swift; sourceTree = "<group>"; };
		FAEAC78824D469D7005B6364 /* MakeCollectionViewCell.swift */ = {isa = PBXFileReference; lastKnownFileType = sourcecode.swift; path = MakeCollectionViewCell.swift; sourceTree = "<group>"; };
		FAEAC78A24D469E5005B6364 /* ModelCollectionViewCell.swift */ = {isa = PBXFileReference; lastKnownFileType = sourcecode.swift; path = ModelCollectionViewCell.swift; sourceTree = "<group>"; };
		FAEAC78C24D469F0005B6364 /* YearCollectionViewCell.swift */ = {isa = PBXFileReference; lastKnownFileType = sourcecode.swift; path = YearCollectionViewCell.swift; sourceTree = "<group>"; };
		FAEAC78F24D47437005B6364 /* FirstTableViewCell.swift */ = {isa = PBXFileReference; lastKnownFileType = sourcecode.swift; path = FirstTableViewCell.swift; sourceTree = "<group>"; };
		FAEAC79124D47444005B6364 /* SecondTableViewCell.swift */ = {isa = PBXFileReference; lastKnownFileType = sourcecode.swift; path = SecondTableViewCell.swift; sourceTree = "<group>"; };
		FAEAC79324D4744E005B6364 /* ThirdTableViewCell.swift */ = {isa = PBXFileReference; lastKnownFileType = sourcecode.swift; path = ThirdTableViewCell.swift; sourceTree = "<group>"; };
		FAEAC79524D47459005B6364 /* ForthTableViewCell.swift */ = {isa = PBXFileReference; lastKnownFileType = sourcecode.swift; path = ForthTableViewCell.swift; sourceTree = "<group>"; };
		FAEAC79724D47464005B6364 /* FifthTableViewCell.swift */ = {isa = PBXFileReference; lastKnownFileType = sourcecode.swift; path = FifthTableViewCell.swift; sourceTree = "<group>"; };
		FAEAC79924D479E0005B6364 /* FirstCollectionViewCell.swift */ = {isa = PBXFileReference; lastKnownFileType = sourcecode.swift; path = FirstCollectionViewCell.swift; sourceTree = "<group>"; };
		FAEAC79B24D479EC005B6364 /* SecondCollectionViewCell.swift */ = {isa = PBXFileReference; lastKnownFileType = sourcecode.swift; path = SecondCollectionViewCell.swift; sourceTree = "<group>"; };
		FAEAC79D24D479F7005B6364 /* ThirdCollectionViewCell.swift */ = {isa = PBXFileReference; lastKnownFileType = sourcecode.swift; path = ThirdCollectionViewCell.swift; sourceTree = "<group>"; };
		FAEAC7A124D5A339005B6364 /* ImageSliderCollectionViewCell.swift */ = {isa = PBXFileReference; lastKnownFileType = sourcecode.swift; path = ImageSliderCollectionViewCell.swift; sourceTree = "<group>"; };
/* End PBXFileReference section */

/* Begin PBXFrameworksBuildPhase section */
		CE01F7A9243A477F00C658F8 /* Frameworks */ = {
			isa = PBXFrameworksBuildPhase;
			buildActionMask = 2147483647;
			files = (
				B7704E455240402064E3B7FE /* Pods_Auto_Direct.framework in Frameworks */,
			);
			runOnlyForDeploymentPostprocessing = 0;
		};
/* End PBXFrameworksBuildPhase section */

/* Begin PBXGroup section */
		CE01F7A3243A477F00C658F8 = {
			isa = PBXGroup;
			children = (
				CE01F7AE243A477F00C658F8 /* Auto Direct */,
				CE01F7AD243A477F00C658F8 /* Products */,
				ED7F0CAB82E40622FC28012A /* Pods */,
				E1A013C6985111C5845D9C86 /* Frameworks */,
			);
			sourceTree = "<group>";
		};
		CE01F7AD243A477F00C658F8 /* Products */ = {
			isa = PBXGroup;
			children = (
				CE01F7AC243A477F00C658F8 /* Autodirect.app */,
			);
			name = Products;
			sourceTree = "<group>";
		};
		CE01F7AE243A477F00C658F8 /* Auto Direct */ = {
			isa = PBXGroup;
			children = (
				FAB3EC2224D0ACFF00D94DC6 /* Util */,
				CE01F7C6243A4B6F00C658F8 /* Supporting Files */,
				FAB3EC1D24D02C8900D94DC6 /* Domain */,
				CE01F7C5243A492000C658F8 /* Controller */,
				CE01F7C4243A491A00C658F8 /* View */,
				CE01F7C3243A491300C658F8 /* Model */,
				CE01F7BD243A478600C658F8 /* Info.plist */,
			);
			path = "Auto Direct";
			sourceTree = "<group>";
		};
		CE01F7C3243A491300C658F8 /* Model */ = {
			isa = PBXGroup;
			children = (
				FA1B63DE24D80F41003BE28B /* Request */,
				FAB3EC1824D02B4900D94DC6 /* Vehicle */,
				CE6DC1B124463B5A00F11973 /* Sidebar */,
			);
			path = Model;
			sourceTree = "<group>";
		};
		CE01F7C4243A491A00C658F8 /* View */ = {
			isa = PBXGroup;
			children = (
				CE9A00B424692A9C000F35B9 /* Main.storyboard */,
				CE9A00A1246929EA000F35B9 /* LaunchScreen.storyboard */,
				CE645B84246928A200728066 /* BottomView.xib */,
				CE9A009C246929E9000F35B9 /* CarItemFeature.xib */,
				CE9A009F246929EA000F35B9 /* HomeCategoryItemView.xib */,
				CE9A009B246929E9000F35B9 /* ModelFeatureItem.xib */,
				CE9A009E246929EA000F35B9 /* PaymentDetailsTableViewCell.xib */,
				CE9A009D246929EA000F35B9 /* PersonalInformationTableViewCell.xib */,
				CE9A00A0246929EA000F35B9 /* SidebarItemTableViewCell.xib */,
				CE9A009A246929E9000F35B9 /* SidebarItemTableViewHeaderCell.xib */,
				CE9A00A2246929EA000F35B9 /* TrendingCollectionViewCell.xib */,
				CE9A0098246929E9000F35B9 /* VehicleCategoryCollectionViewCell.xib */,
				CE9A0099246929E9000F35B9 /* VehicleCategoryTableViewCell.xib */,
			);
			path = View;
			sourceTree = "<group>";
		};
		CE01F7C5243A492000C658F8 /* Controller */ = {
			isa = PBXGroup;
			children = (
				CE645B632469284E00728066 /* ES Tabbar */,
				CE01F7C9243A53BC00C658F8 /* Linked Views */,
				CE9A006E24692921000F35B9 /* AppDelegate.swift */,
				CE9A007C24692922000F35B9 /* SceneDelegate.swift */,
				CE9A007424692922000F35B9 /* BaseViewController.swift */,
				CE9A006D24692921000F35B9 /* ViewController.swift */,
				FA1B63E524D9C7AF003BE28B /* RootNavigationController.swift */,
				FAB3EC0C24D01CC500D94DC6 /* Main */,
				FAB3EC0F24D01DD200D94DC6 /* Flow Items */,
				FAB3EC0D24D01D7400D94DC6 /* Tab Items */,
				FAB3EC0E24D01DBA00D94DC6 /* Sidebar Items */,
			);
			path = Controller;
			sourceTree = "<group>";
		};
		CE01F7C6243A4B6F00C658F8 /* Supporting Files */ = {
			isa = PBXGroup;
			children = (
				CE6DC18624431A2900F11973 /* fonts */,
				CE645B532469282D00728066 /* Assets.xcassets */,
			);
			path = "Supporting Files";
			sourceTree = "<group>";
		};
		CE01F7C9243A53BC00C658F8 /* Linked Views */ = {
			isa = PBXGroup;
			children = (
				CE645B592469284800728066 /* CarItemFeature.swift */,
				CE645B582469284800728066 /* HomeCategoryItemView.swift */,
				CE645B5A2469284900728066 /* SidebarItemTableViewCell.swift */,
				CE645B5B2469284900728066 /* SidebarItemTableViewHeaderCell.swift */,
				CE645B562469284800728066 /* TrendingCollectionViewCell.swift */,
				CE645B572469284800728066 /* VehicleCategoryCollectionViewCell.swift */,
				CE645B552469284800728066 /* VehicleCategoryTableViewCell.swift */,
				CE59DDEE244E1ABB0045A949 /* Model */,
				CE59DDEF244E1AF10045A949 /* Reserve */,
				CE2551B92455D4C1006E2918 /* Search */,
			);
			path = "Linked Views";
			sourceTree = "<group>";
		};
		CE2551B92455D4C1006E2918 /* Search */ = {
			isa = PBXGroup;
			children = (
				CE9A0061246928EB000F35B9 /* SearchCollectionViewCell.swift */,
				CE9A0063246928EB000F35B9 /* SearchOptionConditionCollectionViewCell.swift */,
				CE9A0060246928EB000F35B9 /* SearchOptionMakeCollectionViewCell.swift */,
				CE9A0062246928EB000F35B9 /* SearchOptionModelCollectionViewCell.swift */,
				CE9A0064246928EB000F35B9 /* SearchOptionYearCollectionViewCell.swift */,
				FAEAC78624D469C9005B6364 /* ConditionCollectionViewCell.swift */,
				FAEAC78824D469D7005B6364 /* MakeCollectionViewCell.swift */,
				FAEAC78A24D469E5005B6364 /* ModelCollectionViewCell.swift */,
				FAEAC78C24D469F0005B6364 /* YearCollectionViewCell.swift */,
				FAEAC78E24D47415005B6364 /* New */,
			);
			path = Search;
			sourceTree = "<group>";
		};
		CE59DDEE244E1ABB0045A949 /* Model */ = {
			isa = PBXGroup;
			children = (
				CE645B742469287F00728066 /* FirstModelDetailsTableViewCell.swift */,
				CE645B762469287F00728066 /* SecondModelDetailsTableViewCell.swift */,
				CE645B732469287F00728066 /* ThirdModelDetailsTableViewCell.swift */,
				CE645B712469287E00728066 /* ForthModelDetailsTableViewCell.swift */,
				CE645B702469287E00728066 /* FifthModelDetailsTableViewCell.swift */,
				CE645B772469287F00728066 /* ModelDetailsCollectionViewCell.swift */,
				CE645B722469287F00728066 /* SixthModelDetailsTableViewCell.swift */,
				CE645B752469287F00728066 /* ModelFeatureItem.swift */,
				FAEAC7A124D5A339005B6364 /* ImageSliderCollectionViewCell.swift */,
			);
			path = Model;
			sourceTree = "<group>";
		};
		CE59DDEF244E1AF10045A949 /* Reserve */ = {
			isa = PBXGroup;
			children = (
				CE645B87246928A300728066 /* BottomView.swift */,
				CE645B82246928A200728066 /* FirstReserveTableViewCell.swift */,
				CE645B86246928A200728066 /* SecondReserveTableViewCell.swift */,
				CE645B85246928A200728066 /* ThirdReserveTableViewCell.swift */,
				CE645B88246928A300728066 /* ForthReserveTableViewCell.swift */,
				CE645B81246928A200728066 /* FifthReserveTableViewCell.swift */,
				CE645B80246928A200728066 /* PaymentDetailsTableViewCell.swift */,
				CE645B83246928A200728066 /* PersonalInformationTableViewCell.swift */,
			);
			path = Reserve;
			sourceTree = "<group>";
		};
		CE645B632469284E00728066 /* ES Tabbar */ = {
			isa = PBXGroup;
			children = (
				CE645B642469286400728066 /* ExampleBackgroundContentView.swift */,
				CE645B682469286500728066 /* ExampleBasicContentView.swift */,
				CE645B672469286500728066 /* ExampleBouncesContentView.swift */,
				CE645B652469286400728066 /* ExampleIrregularityBasicContentView.swift */,
				CE645B662469286400728066 /* ExampleIrregularityContentView.swift */,
				CE645B692469286500728066 /* ExampleProvider.swift */,
			);
			path = "ES Tabbar";
			sourceTree = "<group>";
		};
		CE6DC18624431A2900F11973 /* fonts */ = {
			isa = PBXGroup;
			children = (
				CE6DC18724431A9000F11973 /* SFCompactText-LightItalic.otf */,
				CE6DC19224431B3F00F11973 /* SFCompactText-Bold.otf */,
				CE6DC18E24431B3E00F11973 /* SFCompactText-BoldItalic.otf */,
				CE6DC18B24431B3E00F11973 /* SFCompactText-Heavy.otf */,
				CE6DC18F24431B3F00F11973 /* SFCompactText-HeavyItalic.otf */,
				CE6DC18A24431B3E00F11973 /* SFCompactText-Light.otf */,
				CE6DC19124431B3F00F11973 /* SFCompactText-Medium.otf */,
				CE6DC18C24431B3E00F11973 /* SFCompactText-MediumItalic.otf */,
				CE6DC19024431B3F00F11973 /* SFCompactText-Regular.otf */,
				CE6DC18D24431B3E00F11973 /* SFCompactText-RegularItalic.otf */,
				CE6DC18924431B3E00F11973 /* SFCompactText-SemiBold.ttf */,
			);
			path = fonts;
			sourceTree = "<group>";
		};
		CE6DC1B124463B5A00F11973 /* Sidebar */ = {
			isa = PBXGroup;
			children = (
				CE9A00AF246929FB000F35B9 /* SidebarItemModel.swift */,
				CE9A00B0246929FB000F35B9 /* SidebarItemsList.swift */,
				CE9A00AE246929FB000F35B9 /* SidebarSubItemModel.swift */,
			);
			path = Sidebar;
			sourceTree = "<group>";
		};
		E1A013C6985111C5845D9C86 /* Frameworks */ = {
			isa = PBXGroup;
			children = (
				FA3D29BE2609F76300BCFF30 /* Alamofire.framework */,
				FA3D298A2609F63200BCFF30 /* Alamofire.framework */,
				FA3D298B2609F63200BCFF30 /* AlamofireImage.framework */,
				FA3D298C2609F63200BCFF30 /* DLRadioButton.framework */,
				FA3D298D2609F63200BCFF30 /* ESTabBarController_swift.framework */,
				FA3D298E2609F63200BCFF30 /* ImageLoader.framework */,
				FA3D298F2609F63200BCFF30 /* ImageSlideshow.framework */,
				FA3D29912609F63200BCFF30 /* Presentr.framework */,
				FA3D29922609F63200BCFF30 /* RangeSeekSlider.framework */,
				FA3D29932609F63200BCFF30 /* Shimmer.framework */,
				FA3D29942609F63200BCFF30 /* SideMenuSwift.framework */,
				FA3D29952609F63200BCFF30 /* SpringIndicator.framework */,
				FA3D29962609F63200BCFF30 /* StepIndicator.bundle */,
				FA3D29972609F63200BCFF30 /* StepIndicator.framework */,
				FA3D29982609F63200BCFF30 /* SwiftyJSON.framework */,
				FA3D29992609F63200BCFF30 /* Toast_Swift.framework */,
				FA3D299A2609F63200BCFF30 /* youtube_ios_player_helper.framework */,
				9BF8D735D69849A7F025F1F9 /* Pods_Auto_Direct.framework */,
			);
			name = Frameworks;
			sourceTree = "<group>";
		};
		ED7F0CAB82E40622FC28012A /* Pods */ = {
			isa = PBXGroup;
			children = (
				5FD7379712B4E23D6DD75A29 /* Pods-Auto Direct.debug.xcconfig */,
				B673CC68468EFC0C112EC163 /* Pods-Auto Direct.release.xcconfig */,
			);
			path = Pods;
			sourceTree = "<group>";
		};
		FA1B63DE24D80F41003BE28B /* Request */ = {
			isa = PBXGroup;
			children = (
				FA1B63DF24D80F58003BE28B /* SearchVehicles.swift */,
			);
			path = Request;
			sourceTree = "<group>";
		};
		FAB3EC0C24D01CC500D94DC6 /* Main */ = {
			isa = PBXGroup;
			children = (
				CE9A006C24692921000F35B9 /* VehicleCategoryViewController.swift */,
				CE9A007124692921000F35B9 /* PreOwnedVehiclesViewController.swift */,
				CE9A007B24692922000F35B9 /* ReadyToShipViewController.swift */,
				CE9A007724692922000F35B9 /* GovPermitsViewController.swift */,
			);
			path = Main;
			sourceTree = "<group>";
		};
		FAB3EC0D24D01D7400D94DC6 /* Tab Items */ = {
			isa = PBXGroup;
			children = (
				CE9A007E24692922000F35B9 /* TabBarViewController.swift */,
				CE9A007F24692922000F35B9 /* HomeViewController.swift */,
				CE9A006A24692921000F35B9 /* InventoryViewController.swift */,
				CE9A007224692921000F35B9 /* SearchViewController.swift */,
				CE9A007924692922000F35B9 /* QRPayViewController.swift */,
				CE9A008024692922000F35B9 /* UpdatesViewController.swift */,
				FA1B63E324D92F39003BE28B /* CallUsViewController.swift */,
			);
			path = "Tab Items";
			sourceTree = "<group>";
		};
		FAB3EC0E24D01DBA00D94DC6 /* Sidebar Items */ = {
			isa = PBXGroup;
			children = (
				CE9A007D24692922000F35B9 /* SidebarViewController.swift */,
				FAB3EC0A24D0107200D94DC6 /* AboutUsViewController.swift */,
				FAB3EC1024D01E7300D94DC6 /* WhatIsPcpViewController.swift */,
				FAB3EC1224D01E8700D94DC6 /* InventorySidebarViewController.swift */,
				FAB3EC1424D01E9800D94DC6 /* TradeYourVehicleViewController.swift */,
				FAB3EC1624D01EAD00D94DC6 /* OurDeliveriesViewController.swift */,
			);
			path = "Sidebar Items";
			sourceTree = "<group>";
		};
		FAB3EC0F24D01DD200D94DC6 /* Flow Items */ = {
			isa = PBXGroup;
			children = (
				CE9A007024692921000F35B9 /* ModelDetailsViewController.swift */,
				CE9A007624692922000F35B9 /* ConfirmPaymentViewController.swift */,
				CE9A007524692922000F35B9 /* ContactNumbersViewController.swift */,
				CE9A007324692922000F35B9 /* PaymentStatusViewController.swift */,
				CE9A007824692922000F35B9 /* PcpViewController.swift */,
				CE9A007A24692922000F35B9 /* ReserveVehicleViewController.swift */,
				CE9A006F24692921000F35B9 /* SuccessViewController.swift */,
				CE9A006B24692921000F35B9 /* SearchOptionViewController.swift */,
				FAEAC78224D45C86005B6364 /* SearchOptionNewViewController.swift */,
			);
			path = "Flow Items";
			sourceTree = "<group>";
		};
		FAB3EC1824D02B4900D94DC6 /* Vehicle */ = {
			isa = PBXGroup;
			children = (
				FAB3EC1924D02B7000D94DC6 /* VehicleModel.swift */,
				FAB3EC2024D0962E00D94DC6 /* VehicleModelInDetail.swift */,
			);
			path = Vehicle;
			sourceTree = "<group>";
		};
		FAB3EC1D24D02C8900D94DC6 /* Domain */ = {
			isa = PBXGroup;
			children = (
				FAB3EC1B24D02C7D00D94DC6 /* Domain.swift */,
				FAB3EC1E24D03B1600D94DC6 /* FormatterUtil.swift */,
			);
			path = Domain;
			sourceTree = "<group>";
		};
		FAB3EC2224D0ACFF00D94DC6 /* Util */ = {
			isa = PBXGroup;
			children = (
				FAB3EC2324D0AD1400D94DC6 /* UIImageView.swift */,
				CE645B4D2469281000728066 /* UIColor.swift */,
				CE645B492469280F00728066 /* UIImage.swift */,
				CE645B4B2469280F00728066 /* UINavigationBar.swift */,
				CE645B4A2469280F00728066 /* UIView.swift */,
				CE645B4C2469281000728066 /* UIViewController.swift */,
				FAB3EC4C24D403B100D94DC6 /* CheckBox.swift */,
				FA1B63E124D926EE003BE28B /* Int.swift */,
			);
			path = Util;
			sourceTree = "<group>";
		};
		FAEAC78E24D47415005B6364 /* New */ = {
			isa = PBXGroup;
			children = (
				FAEAC78F24D47437005B6364 /* FirstTableViewCell.swift */,
				FAEAC79124D47444005B6364 /* SecondTableViewCell.swift */,
				FAEAC79324D4744E005B6364 /* ThirdTableViewCell.swift */,
				FAEAC79524D47459005B6364 /* ForthTableViewCell.swift */,
				FAEAC79724D47464005B6364 /* FifthTableViewCell.swift */,
				FAEAC79924D479E0005B6364 /* FirstCollectionViewCell.swift */,
				FAEAC79B24D479EC005B6364 /* SecondCollectionViewCell.swift */,
				FAEAC79D24D479F7005B6364 /* ThirdCollectionViewCell.swift */,
			);
			path = New;
			sourceTree = "<group>";
		};
/* End PBXGroup section */

/* Begin PBXNativeTarget section */
		CE01F7AB243A477F00C658F8 /* Auto Direct */ = {
			isa = PBXNativeTarget;
			buildConfigurationList = CE01F7C0243A478600C658F8 /* Build configuration list for PBXNativeTarget "Auto Direct" */;
			buildPhases = (
				E36711EF1FA314EBAD8BA352 /* [CP] Check Pods Manifest.lock */,
				CE01F7A8243A477F00C658F8 /* Sources */,
				CE01F7A9243A477F00C658F8 /* Frameworks */,
				CE01F7AA243A477F00C658F8 /* Resources */,
				FA3D29C32609F7DA00BCFF30 /* Embed Frameworks */,
				206F27E41F886306A35F63C5 /* [CP] Embed Pods Frameworks */,
			);
			buildRules = (
			);
			dependencies = (
			);
			name = "Auto Direct";
			productName = "Auto Direct";
			productReference = CE01F7AC243A477F00C658F8 /* Autodirect.app */;
			productType = "com.apple.product-type.application";
		};
/* End PBXNativeTarget section */

/* Begin PBXProject section */
		CE01F7A4243A477F00C658F8 /* Project object */ = {
			isa = PBXProject;
			attributes = {
				LastSwiftUpdateCheck = 1130;
				LastUpgradeCheck = 1130;
				ORGANIZATIONNAME = autoDirect;
				TargetAttributes = {
					CE01F7AB243A477F00C658F8 = {
						CreatedOnToolsVersion = 11.3.1;
					};
				};
			};
			buildConfigurationList = CE01F7A7243A477F00C658F8 /* Build configuration list for PBXProject "Auto Direct" */;
			compatibilityVersion = "Xcode 9.3";
			developmentRegion = en;
			hasScannedForEncodings = 0;
			knownRegions = (
				en,
				Base,
			);
			mainGroup = CE01F7A3243A477F00C658F8;
			productRefGroup = CE01F7AD243A477F00C658F8 /* Products */;
			projectDirPath = "";
			projectRoot = "";
			targets = (
				CE01F7AB243A477F00C658F8 /* Auto Direct */,
			);
		};
/* End PBXProject section */

/* Begin PBXResourcesBuildPhase section */
		CE01F7AA243A477F00C658F8 /* Resources */ = {
			isa = PBXResourcesBuildPhase;
			buildActionMask = 2147483647;
			files = (
				CE9A00A8246929EA000F35B9 /* PersonalInformationTableViewCell.xib in Resources */,
				CE9A00A4246929EA000F35B9 /* VehicleCategoryTableViewCell.xib in Resources */,
				CE9A00A6246929EA000F35B9 /* ModelFeatureItem.xib in Resources */,
				CE9A00A9246929EA000F35B9 /* PaymentDetailsTableViewCell.xib in Resources */,
				CE6DC18824431AA900F11973 /* SFCompactText-LightItalic.otf in Resources */,
				CE9A00A7246929EA000F35B9 /* CarItemFeature.xib in Resources */,
				CE9A00A5246929EA000F35B9 /* SidebarItemTableViewHeaderCell.xib in Resources */,
				CE645B542469282D00728066 /* Assets.xcassets in Resources */,
				CE9A00A3246929EA000F35B9 /* VehicleCategoryCollectionViewCell.xib in Resources */,
				CE9A00AA246929EA000F35B9 /* HomeCategoryItemView.xib in Resources */,
				CE9A00B524692A9C000F35B9 /* Main.storyboard in Resources */,
				CE9A00AD246929EA000F35B9 /* TrendingCollectionViewCell.xib in Resources */,
				CE9A00AC246929EA000F35B9 /* LaunchScreen.storyboard in Resources */,
				CE645B8D246928A300728066 /* BottomView.xib in Resources */,
				CE9A00AB246929EA000F35B9 /* SidebarItemTableViewCell.xib in Resources */,
			);
			runOnlyForDeploymentPostprocessing = 0;
		};
/* End PBXResourcesBuildPhase section */

/* Begin PBXShellScriptBuildPhase section */
		206F27E41F886306A35F63C5 /* [CP] Embed Pods Frameworks */ = {
			isa = PBXShellScriptBuildPhase;
			buildActionMask = 2147483647;
			files = (
			);
			inputFileListPaths = (
				"${PODS_ROOT}/Target Support Files/Pods-Auto Direct/Pods-Auto Direct-frameworks-${CONFIGURATION}-input-files.xcfilelist",
			);
			name = "[CP] Embed Pods Frameworks";
			outputFileListPaths = (
				"${PODS_ROOT}/Target Support Files/Pods-Auto Direct/Pods-Auto Direct-frameworks-${CONFIGURATION}-output-files.xcfilelist",
			);
			runOnlyForDeploymentPostprocessing = 0;
			shellPath = /bin/sh;
			shellScript = "\"${PODS_ROOT}/Target Support Files/Pods-Auto Direct/Pods-Auto Direct-frameworks.sh\"\n";
			showEnvVarsInLog = 0;
		};
		E36711EF1FA314EBAD8BA352 /* [CP] Check Pods Manifest.lock */ = {
			isa = PBXShellScriptBuildPhase;
			buildActionMask = 2147483647;
			files = (
			);
			inputFileListPaths = (
			);
			inputPaths = (
				"${PODS_PODFILE_DIR_PATH}/Podfile.lock",
				"${PODS_ROOT}/Manifest.lock",
			);
			name = "[CP] Check Pods Manifest.lock";
			outputFileListPaths = (
			);
			outputPaths = (
				"$(DERIVED_FILE_DIR)/Pods-Auto Direct-checkManifestLockResult.txt",
			);
			runOnlyForDeploymentPostprocessing = 0;
			shellPath = /bin/sh;
			shellScript = "diff \"${PODS_PODFILE_DIR_PATH}/Podfile.lock\" \"${PODS_ROOT}/Manifest.lock\" > /dev/null\nif [ $? != 0 ] ; then\n    # print error to STDERR\n    echo \"error: The sandbox is not in sync with the Podfile.lock. Run 'pod install' or update your CocoaPods installation.\" >&2\n    exit 1\nfi\n# This output is used by Xcode 'outputs' to avoid re-running this script phase.\necho \"SUCCESS\" > \"${SCRIPT_OUTPUT_FILE_0}\"\n";
			showEnvVarsInLog = 0;
		};
/* End PBXShellScriptBuildPhase section */

/* Begin PBXSourcesBuildPhase section */
		CE01F7A8243A477F00C658F8 /* Sources */ = {
			isa = PBXSourcesBuildPhase;
			buildActionMask = 2147483647;
			files = (
				CE645B5C2469284900728066 /* VehicleCategoryTableViewCell.swift in Sources */,
				CE9A008D24692923000F35B9 /* ConfirmPaymentViewController.swift in Sources */,
				CE645B7C2469288000728066 /* FirstModelDetailsTableViewCell.swift in Sources */,
				CE9A009524692923000F35B9 /* TabBarViewController.swift in Sources */,
				CE9A008924692923000F35B9 /* SearchViewController.swift in Sources */,
				CE645B502469281000728066 /* UINavigationBar.swift in Sources */,
				CE645B6F2469286500728066 /* ExampleProvider.swift in Sources */,
				FAEAC79824D47464005B6364 /* FifthTableViewCell.swift in Sources */,
				CE645B89246928A300728066 /* PaymentDetailsTableViewCell.swift in Sources */,
				CE645B6B2469286500728066 /* ExampleIrregularityBasicContentView.swift in Sources */,
				CE645B792469288000728066 /* ForthModelDetailsTableViewCell.swift in Sources */,
				CE645B7F2469288000728066 /* ModelDetailsCollectionViewCell.swift in Sources */,
				FAEAC79C24D479EC005B6364 /* SecondCollectionViewCell.swift in Sources */,
				CE9A0066246928EC000F35B9 /* SearchCollectionViewCell.swift in Sources */,
				FAB3EC1F24D03B1600D94DC6 /* FormatterUtil.swift in Sources */,
				CE645B91246928A300728066 /* ForthReserveTableViewCell.swift in Sources */,
				CE645B8A246928A300728066 /* FifthReserveTableViewCell.swift in Sources */,
				CE9A008524692923000F35B9 /* AppDelegate.swift in Sources */,
				CE9A0069246928EC000F35B9 /* SearchOptionYearCollectionViewCell.swift in Sources */,
				FAEAC7A224D5A339005B6364 /* ImageSliderCollectionViewCell.swift in Sources */,
				CE9A008E24692923000F35B9 /* GovPermitsViewController.swift in Sources */,
				FA1B63E624D9C7B0003BE28B /* RootNavigationController.swift in Sources */,
				FAB3EC2124D0962E00D94DC6 /* VehicleModelInDetail.swift in Sources */,
				CE9A009224692923000F35B9 /* ReadyToShipViewController.swift in Sources */,
				CE9A008B24692923000F35B9 /* BaseViewController.swift in Sources */,
				CE9A009324692923000F35B9 /* SceneDelegate.swift in Sources */,
				FAB3EC1524D01E9800D94DC6 /* TradeYourVehicleViewController.swift in Sources */,
				CE9A009024692923000F35B9 /* QRPayViewController.swift in Sources */,
				CE645B782469288000728066 /* FifthModelDetailsTableViewCell.swift in Sources */,
				CE9A008F24692923000F35B9 /* PcpViewController.swift in Sources */,
				CE9A0065246928EB000F35B9 /* SearchOptionMakeCollectionViewCell.swift in Sources */,
				FA1B63E424D92F39003BE28B /* CallUsViewController.swift in Sources */,
				CE9A009124692923000F35B9 /* ReserveVehicleViewController.swift in Sources */,
				CE645B7D2469288000728066 /* ModelFeatureItem.swift in Sources */,
				CE645B6C2469286500728066 /* ExampleIrregularityContentView.swift in Sources */,
				CE645B5F2469284900728066 /* HomeCategoryItemView.swift in Sources */,
				FAB3EC2424D0AD1400D94DC6 /* UIImageView.swift in Sources */,
				FAEAC78B24D469E5005B6364 /* ModelCollectionViewCell.swift in Sources */,
				FAB3EC1A24D02B7000D94DC6 /* VehicleModel.swift in Sources */,
				CE9A0067246928EC000F35B9 /* SearchOptionModelCollectionViewCell.swift in Sources */,
				FAB3EC1124D01E7300D94DC6 /* WhatIsPcpViewController.swift in Sources */,
				CE645B522469281000728066 /* UIColor.swift in Sources */,
				CE645B4E2469281000728066 /* UIImage.swift in Sources */,
				CE645B8F246928A300728066 /* SecondReserveTableViewCell.swift in Sources */,
				CE645B8C246928A300728066 /* PersonalInformationTableViewCell.swift in Sources */,
				CE9A00B1246929FB000F35B9 /* SidebarSubItemModel.swift in Sources */,
				FAEAC79424D4744E005B6364 /* ThirdTableViewCell.swift in Sources */,
				CE645B5E2469284900728066 /* VehicleCategoryCollectionViewCell.swift in Sources */,
				CE645B4F2469281000728066 /* UIView.swift in Sources */,
				FAEAC79A24D479E0005B6364 /* FirstCollectionViewCell.swift in Sources */,
				FAB3EC1324D01E8700D94DC6 /* InventorySidebarViewController.swift in Sources */,
				FA1B63E024D80F58003BE28B /* SearchVehicles.swift in Sources */,
				CE9A00B3246929FB000F35B9 /* SidebarItemsList.swift in Sources */,
				CE9A008824692923000F35B9 /* PreOwnedVehiclesViewController.swift in Sources */,
				CE9A008224692923000F35B9 /* SearchOptionViewController.swift in Sources */,
				CE645B512469281000728066 /* UIViewController.swift in Sources */,
				CE9A008A24692923000F35B9 /* PaymentStatusViewController.swift in Sources */,
				CE645B90246928A300728066 /* BottomView.swift in Sources */,
				CE645B7E2469288000728066 /* SecondModelDetailsTableViewCell.swift in Sources */,
				CE9A008424692923000F35B9 /* ViewController.swift in Sources */,
				CE9A00B2246929FB000F35B9 /* SidebarItemModel.swift in Sources */,
				CE645B6E2469286500728066 /* ExampleBasicContentView.swift in Sources */,
				CE645B8B246928A300728066 /* FirstReserveTableViewCell.swift in Sources */,
				CE9A009724692923000F35B9 /* UpdatesViewController.swift in Sources */,
				CE9A008C24692923000F35B9 /* ContactNumbersViewController.swift in Sources */,
				FAEAC78724D469C9005B6364 /* ConditionCollectionViewCell.swift in Sources */,
				CE645B7B2469288000728066 /* ThirdModelDetailsTableViewCell.swift in Sources */,
				CE9A008324692923000F35B9 /* VehicleCategoryViewController.swift in Sources */,
				CE9A0068246928EC000F35B9 /* SearchOptionConditionCollectionViewCell.swift in Sources */,
				CE645B5D2469284900728066 /* TrendingCollectionViewCell.swift in Sources */,
				CE645B6A2469286500728066 /* ExampleBackgroundContentView.swift in Sources */,
				FAEAC78924D469D7005B6364 /* MakeCollectionViewCell.swift in Sources */,
				CE645B7A2469288000728066 /* SixthModelDetailsTableViewCell.swift in Sources */,
				CE9A008124692923000F35B9 /* InventoryViewController.swift in Sources */,
				FAEAC79024D47437005B6364 /* FirstTableViewCell.swift in Sources */,
				CE9A009424692923000F35B9 /* SidebarViewController.swift in Sources */,
				FAB3EC4D24D403B100D94DC6 /* CheckBox.swift in Sources */,
				CE645B612469284900728066 /* SidebarItemTableViewCell.swift in Sources */,
				CE645B6D2469286500728066 /* ExampleBouncesContentView.swift in Sources */,
				FAEAC78324D45C86005B6364 /* SearchOptionNewViewController.swift in Sources */,
				CE645B602469284900728066 /* CarItemFeature.swift in Sources */,
				FAEAC79E24D479F7005B6364 /* ThirdCollectionViewCell.swift in Sources */,
				CE9A008724692923000F35B9 /* ModelDetailsViewController.swift in Sources */,
				CE9A009624692923000F35B9 /* HomeViewController.swift in Sources */,
				CE645B8E246928A300728066 /* ThirdReserveTableViewCell.swift in Sources */,
				CE9A008624692923000F35B9 /* SuccessViewController.swift in Sources */,
				FAB3EC1724D01EAD00D94DC6 /* OurDeliveriesViewController.swift in Sources */,
				FAB3EC0B24D0107200D94DC6 /* AboutUsViewController.swift in Sources */,
				FAEAC79624D47459005B6364 /* ForthTableViewCell.swift in Sources */,
				FA1B63E224D926EE003BE28B /* Int.swift in Sources */,
				CE645B622469284900728066 /* SidebarItemTableViewHeaderCell.swift in Sources */,
				FAEAC78D24D469F0005B6364 /* YearCollectionViewCell.swift in Sources */,
				FAB3EC1C24D02C7D00D94DC6 /* Domain.swift in Sources */,
				FAEAC79224D47444005B6364 /* SecondTableViewCell.swift in Sources */,
			);
			runOnlyForDeploymentPostprocessing = 0;
		};
/* End PBXSourcesBuildPhase section */

/* Begin XCBuildConfiguration section */
		CE01F7BE243A478600C658F8 /* Debug */ = {
			isa = XCBuildConfiguration;
			buildSettings = {
				ALWAYS_SEARCH_USER_PATHS = NO;
				CLANG_ANALYZER_NONNULL = YES;
				CLANG_ANALYZER_NUMBER_OBJECT_CONVERSION = YES_AGGRESSIVE;
				CLANG_CXX_LANGUAGE_STANDARD = "gnu++14";
				CLANG_CXX_LIBRARY = "libc++";
				CLANG_ENABLE_MODULES = YES;
				CLANG_ENABLE_OBJC_ARC = YES;
				CLANG_ENABLE_OBJC_WEAK = YES;
				CLANG_WARN_BLOCK_CAPTURE_AUTORELEASING = YES;
				CLANG_WARN_BOOL_CONVERSION = YES;
				CLANG_WARN_COMMA = YES;
				CLANG_WARN_CONSTANT_CONVERSION = YES;
				CLANG_WARN_DEPRECATED_OBJC_IMPLEMENTATIONS = YES;
				CLANG_WARN_DIRECT_OBJC_ISA_USAGE = YES_ERROR;
				CLANG_WARN_DOCUMENTATION_COMMENTS = YES;
				CLANG_WARN_EMPTY_BODY = YES;
				CLANG_WARN_ENUM_CONVERSION = YES;
				CLANG_WARN_INFINITE_RECURSION = YES;
				CLANG_WARN_INT_CONVERSION = YES;
				CLANG_WARN_NON_LITERAL_NULL_CONVERSION = YES;
				CLANG_WARN_OBJC_IMPLICIT_RETAIN_SELF = YES;
				CLANG_WARN_OBJC_LITERAL_CONVERSION = YES;
				CLANG_WARN_OBJC_ROOT_CLASS = YES_ERROR;
				CLANG_WARN_RANGE_LOOP_ANALYSIS = YES;
				CLANG_WARN_STRICT_PROTOTYPES = YES;
				CLANG_WARN_SUSPICIOUS_MOVE = YES;
				CLANG_WARN_UNGUARDED_AVAILABILITY = YES_AGGRESSIVE;
				CLANG_WARN_UNREACHABLE_CODE = YES;
				CLANG_WARN__DUPLICATE_METHOD_MATCH = YES;
				COPY_PHASE_STRIP = NO;
				DEBUG_INFORMATION_FORMAT = dwarf;
				ENABLE_STRICT_OBJC_MSGSEND = YES;
				ENABLE_TESTABILITY = YES;
				GCC_C_LANGUAGE_STANDARD = gnu11;
				GCC_DYNAMIC_NO_PIC = NO;
				GCC_NO_COMMON_BLOCKS = YES;
				GCC_OPTIMIZATION_LEVEL = 0;
				GCC_PREPROCESSOR_DEFINITIONS = (
					"DEBUG=1",
					"$(inherited)",
				);
				GCC_WARN_64_TO_32_BIT_CONVERSION = YES;
				GCC_WARN_ABOUT_RETURN_TYPE = YES_ERROR;
				GCC_WARN_UNDECLARED_SELECTOR = YES;
				GCC_WARN_UNINITIALIZED_AUTOS = YES_AGGRESSIVE;
				GCC_WARN_UNUSED_FUNCTION = YES;
				GCC_WARN_UNUSED_VARIABLE = YES;
				IPHONEOS_DEPLOYMENT_TARGET = 11.0;
				MTL_ENABLE_DEBUG_INFO = INCLUDE_SOURCE;
				MTL_FAST_MATH = YES;
				ONLY_ACTIVE_ARCH = YES;
				SDKROOT = iphoneos;
				SWIFT_ACTIVE_COMPILATION_CONDITIONS = DEBUG;
				SWIFT_OPTIMIZATION_LEVEL = "-Onone";
			};
			name = Debug;
		};
		CE01F7BF243A478600C658F8 /* Release */ = {
			isa = XCBuildConfiguration;
			buildSettings = {
				ALWAYS_SEARCH_USER_PATHS = NO;
				CLANG_ANALYZER_NONNULL = YES;
				CLANG_ANALYZER_NUMBER_OBJECT_CONVERSION = YES_AGGRESSIVE;
				CLANG_CXX_LANGUAGE_STANDARD = "gnu++14";
				CLANG_CXX_LIBRARY = "libc++";
				CLANG_ENABLE_MODULES = YES;
				CLANG_ENABLE_OBJC_ARC = YES;
				CLANG_ENABLE_OBJC_WEAK = YES;
				CLANG_WARN_BLOCK_CAPTURE_AUTORELEASING = YES;
				CLANG_WARN_BOOL_CONVERSION = YES;
				CLANG_WARN_COMMA = YES;
				CLANG_WARN_CONSTANT_CONVERSION = YES;
				CLANG_WARN_DEPRECATED_OBJC_IMPLEMENTATIONS = YES;
				CLANG_WARN_DIRECT_OBJC_ISA_USAGE = YES_ERROR;
				CLANG_WARN_DOCUMENTATION_COMMENTS = YES;
				CLANG_WARN_EMPTY_BODY = YES;
				CLANG_WARN_ENUM_CONVERSION = YES;
				CLANG_WARN_INFINITE_RECURSION = YES;
				CLANG_WARN_INT_CONVERSION = YES;
				CLANG_WARN_NON_LITERAL_NULL_CONVERSION = YES;
				CLANG_WARN_OBJC_IMPLICIT_RETAIN_SELF = YES;
				CLANG_WARN_OBJC_LITERAL_CONVERSION = YES;
				CLANG_WARN_OBJC_ROOT_CLASS = YES_ERROR;
				CLANG_WARN_RANGE_LOOP_ANALYSIS = YES;
				CLANG_WARN_STRICT_PROTOTYPES = YES;
				CLANG_WARN_SUSPICIOUS_MOVE = YES;
				CLANG_WARN_UNGUARDED_AVAILABILITY = YES_AGGRESSIVE;
				CLANG_WARN_UNREACHABLE_CODE = YES;
				CLANG_WARN__DUPLICATE_METHOD_MATCH = YES;
				COPY_PHASE_STRIP = NO;
				DEBUG_INFORMATION_FORMAT = "dwarf-with-dsym";
				ENABLE_NS_ASSERTIONS = NO;
				ENABLE_STRICT_OBJC_MSGSEND = YES;
				GCC_C_LANGUAGE_STANDARD = gnu11;
				GCC_NO_COMMON_BLOCKS = YES;
				GCC_WARN_64_TO_32_BIT_CONVERSION = YES;
				GCC_WARN_ABOUT_RETURN_TYPE = YES_ERROR;
				GCC_WARN_UNDECLARED_SELECTOR = YES;
				GCC_WARN_UNINITIALIZED_AUTOS = YES_AGGRESSIVE;
				GCC_WARN_UNUSED_FUNCTION = YES;
				GCC_WARN_UNUSED_VARIABLE = YES;
				IPHONEOS_DEPLOYMENT_TARGET = 11.0;
				MTL_ENABLE_DEBUG_INFO = NO;
				MTL_FAST_MATH = YES;
				SDKROOT = iphoneos;
				SWIFT_COMPILATION_MODE = wholemodule;
				SWIFT_OPTIMIZATION_LEVEL = "-O";
				VALIDATE_PRODUCT = YES;
			};
			name = Release;
		};
		CE01F7C1243A478600C658F8 /* Debug */ = {
			isa = XCBuildConfiguration;
			baseConfigurationReference = 5FD7379712B4E23D6DD75A29 /* Pods-Auto Direct.debug.xcconfig */;
			buildSettings = {
				ASSETCATALOG_COMPILER_APPICON_NAME = AppIcon;
				CODE_SIGN_STYLE = Automatic;
				DEVELOPMENT_TEAM = 2N4YDGL5K9;
				INFOPLIST_FILE = "Auto Direct/Info.plist";
				LD_RUNPATH_SEARCH_PATHS = (
					"$(inherited)",
					"@executable_path/Frameworks",
				);
				ONLY_ACTIVE_ARCH = YES;
				PRODUCT_BUNDLE_IDENTIFIER = com.elysiancrest.autodirect;
				PRODUCT_NAME = Autodirect;
				SWIFT_VERSION = 5.0;
				TARGETED_DEVICE_FAMILY = 1;
			};
			name = Debug;
		};
		CE01F7C2243A478600C658F8 /* Release */ = {
			isa = XCBuildConfiguration;
			baseConfigurationReference = B673CC68468EFC0C112EC163 /* Pods-Auto Direct.release.xcconfig */;
			buildSettings = {
				ASSETCATALOG_COMPILER_APPICON_NAME = AppIcon;
				CODE_SIGN_STYLE = Automatic;
				DEVELOPMENT_TEAM = 2N4YDGL5K9;
				INFOPLIST_FILE = "Auto Direct/Info.plist";
				LD_RUNPATH_SEARCH_PATHS = (
					"$(inherited)",
					"@executable_path/Frameworks",
				);
				ONLY_ACTIVE_ARCH = YES;
				PRODUCT_BUNDLE_IDENTIFIER = com.elysiancrest.autodirect;
				PRODUCT_NAME = Autodirect;
				SWIFT_VERSION = 5.0;
				TARGETED_DEVICE_FAMILY = 1;
			};
			name = Release;
		};
/* End XCBuildConfiguration section */

/* Begin XCConfigurationList section */
		CE01F7A7243A477F00C658F8 /* Build configuration list for PBXProject "Auto Direct" */ = {
			isa = XCConfigurationList;
			buildConfigurations = (
				CE01F7BE243A478600C658F8 /* Debug */,
				CE01F7BF243A478600C658F8 /* Release */,
			);
			defaultConfigurationIsVisible = 0;
			defaultConfigurationName = Release;
		};
		CE01F7C0243A478600C658F8 /* Build configuration list for PBXNativeTarget "Auto Direct" */ = {
			isa = XCConfigurationList;
			buildConfigurations = (
				CE01F7C1243A478600C658F8 /* Debug */,
				CE01F7C2243A478600C658F8 /* Release */,
			);
			defaultConfigurationIsVisible = 0;
			defaultConfigurationName = Release;
		};
/* End XCConfigurationList section */
	};
	rootObject = CE01F7A4243A477F00C658F8 /* Project object */;
}
