PODS:
  - Alamofire (5.4.1)
  - AlamofireImage (4.1.0):
    - Alamofire (~> 5.1)
  - DLRadioButton (1.4.12)
  - ESTabBarController-swift (2.8.0)
  - ImageLoader (0.15.0)
  - ImageSlideshow (1.9.2):
    - ImageSlideshow/Core (= 1.9.2)
  - ImageSlideshow/Alamofire (1.9.2):
    - AlamofireImage (~> 4.0)
    - ImageSlideshow/Core
  - ImageSlideshow/Core (1.9.2)
  - Presentr (1.9)
  - RangeSeekSlider (1.8.0)
  - Shimmer (1.0.2)
  - SideMenuSwift (2.0.7)
  - SpringIndicator (5.0.0)
  - StepIndicator (1.0.8)
  - SwiftyJSON (5.0.0)
  - Toast-Swift (5.0.1)
  - youtube-ios-player-helper (1.0.3)

DEPENDENCIES:
  - Alamofire (~> 5.2)
  - AlamofireImage
  - DLRadioButton
  - ESTabBarController-swift
  - ImageLoader
  - ImageSlideshow
  - ImageSlideshow/Alamofire
  - Presentr
  - RangeSeekSlider
  - Shimmer
  - SideMenuSwift
  - SpringIndicator
  - StepIndicator (~> 1.0.8)
  - SwiftyJSON
  - Toast-Swift
  - youtube-ios-player-helper

SPEC REPOS:
  trunk:
    - Alamofire
    - AlamofireImage
    - DLRadioButton
    - ESTabBarController-swift
    - ImageLoader
    - ImageSlideshow
    - Presentr
    - RangeSeekSlider
    - Shimmer
    - SideMenuSwift
    - SpringIndicator
    - StepIndicator
    - SwiftyJSON
    - Toast-Swift
    - youtube-ios-player-helper

SPEC CHECKSUMS:
  Alamofire: 2291f7d21ca607c491dd17642e5d40fdcda0e65c
  AlamofireImage: c4a2ba349885fb3064feb74d2e547bd42ce9be10
  DLRadioButton: d7c4e225ed0e8013cef7be61455230c7557ad7c1
  ESTabBarController-swift: 05593a6ad64700b03c0eb60ff625916370aa4136
  ImageLoader: e0635d52020d64dc7687e3a3b14dc53212ac0442
  ImageSlideshow: be305b54eaf2b2cfc7a7141c7c734605d44dc07d
  Presentr: 7078d7eb5d1661ebeaae60c9e42a1e534de1b993
  RangeSeekSlider: 650b11fa1edcb92e1e0ede797669d98622570fb5
  Shimmer: c5374be1c2b0c9e292fb05b339a513cf291cac86
  SideMenuSwift: ffbbc88d23741932177ad1320df837cedfb3bc5e
  SpringIndicator: 111bf862e1415e5ac7b3a43c0cd09633d5715fd6
  StepIndicator: 748b293f671355b021253f82031ac002f153dc81
  SwiftyJSON: 36413e04c44ee145039d332b4f4e2d3e8d6c4db7
  Toast-Swift: 9b6a70f28b3bf0b96c40d46c0c4b9d6639846711
  youtube-ios-player-helper: 0185c57db23c80d63d6ca11251d110abb8a4ca61

PODFILE CHECKSUM: d45630bfb9f370f841dc3fc691861f1eae0656b8

COCOAPODS: 1.9.3
